// !$*UTF8*$!
{
	archiveVersion = 1;
	classes = {
	};
	objectVersion = 55;
	objects = {

/* Begin PBXBuildFile section */
		36AB96FCFE57D5162DB1CBFB /* Pods_RxSwiftStudyInUIkitTests.framework in Frameworks */ = {isa = PBXBuildFile; fileRef = 63EC64F360D14E17FB704753 /* Pods_RxSwiftStudyInUIkitTests.framework */; };
		73D05364EAE7903224645227 /* Pods_RxSwiftStudyInUIkit_RxSwiftStudyInUIkitUITests.framework in Frameworks */ = {isa = PBXBuildFile; fileRef = 2E70DBCE021C4AB8D5DD1209 /* Pods_RxSwiftStudyInUIkit_RxSwiftStudyInUIkitUITests.framework */; };
		7FEEF84FC535043198A9999F /* Pods_RxSwiftStudyInUIkit_DataLayer.framework in Frameworks */ = {isa = PBXBuildFile; fileRef = C33EDDCC682938997BE13473 /* Pods_RxSwiftStudyInUIkit_DataLayer.framework */; };
		E596EED8C77ACC046C67384C /* Pods_RxSwiftStudyInUIkit.framework in Frameworks */ = {isa = PBXBuildFile; fileRef = 775483CC6DC2A4CE03C1F742 /* Pods_RxSwiftStudyInUIkit.framework */; };
		E62AE6EB2944618F0054EA97 /* Materialize.swift in Sources */ = {isa = PBXBuildFile; fileRef = E62AE6EA2944618F0054EA97 /* Materialize.swift */; };
		E62AE6EE2944680A0054EA97 /* Singleton.swift in Sources */ = {isa = PBXBuildFile; fileRef = E62AE6ED2944680A0054EA97 /* Singleton.swift */; };
		E62AE6F229447D9C0054EA97 /* SingletonViewController.swift in Sources */ = {isa = PBXBuildFile; fileRef = E62AE6F129447D9C0054EA97 /* SingletonViewController.swift */; };
		E62AE6F429447DB40054EA97 /* FactoryMethodViewController.swift in Sources */ = {isa = PBXBuildFile; fileRef = E62AE6F329447DB40054EA97 /* FactoryMethodViewController.swift */; };
		E62AE6F629447DE40054EA97 /* FactoryMethod.swift in Sources */ = {isa = PBXBuildFile; fileRef = E62AE6F529447DE40054EA97 /* FactoryMethod.swift */; };
		E636137628B22E570050C070 /* AppDelegate.swift in Sources */ = {isa = PBXBuildFile; fileRef = E636137528B22E570050C070 /* AppDelegate.swift */; };
		E636137828B22E570050C070 /* SceneDelegate.swift in Sources */ = {isa = PBXBuildFile; fileRef = E636137728B22E570050C070 /* SceneDelegate.swift */; };
		E636137D28B22E570050C070 /* Main.storyboard in Resources */ = {isa = PBXBuildFile; fileRef = E636137B28B22E570050C070 /* Main.storyboard */; };
		E636137F28B22E5A0050C070 /* Assets.xcassets in Resources */ = {isa = PBXBuildFile; fileRef = E636137E28B22E5A0050C070 /* Assets.xcassets */; };
		E636138228B22E5A0050C070 /* LaunchScreen.storyboard in Resources */ = {isa = PBXBuildFile; fileRef = E636138028B22E5A0050C070 /* LaunchScreen.storyboard */; };
		E636138D28B22E5A0050C070 /* RxSwiftStudyInUIkitTests.swift in Sources */ = {isa = PBXBuildFile; fileRef = E636138C28B22E5A0050C070 /* RxSwiftStudyInUIkitTests.swift */; };
		E636139728B22E5A0050C070 /* RxSwiftStudyInUIkitUITests.swift in Sources */ = {isa = PBXBuildFile; fileRef = E636139628B22E5A0050C070 /* RxSwiftStudyInUIkitUITests.swift */; };
		E636139928B22E5A0050C070 /* RxSwiftStudyInUIkitUITestsLaunchTests.swift in Sources */ = {isa = PBXBuildFile; fileRef = E636139828B22E5A0050C070 /* RxSwiftStudyInUIkitUITestsLaunchTests.swift */; };
		E63613A628B22E6A0050C070 /* ShareStudy.swift in Sources */ = {isa = PBXBuildFile; fileRef = E63613A528B22E6A0050C070 /* ShareStudy.swift */; };
		E640F24529A20C9A00E0F749 /* ChainOfResponsibilityViewController.swift in Sources */ = {isa = PBXBuildFile; fileRef = E640F24429A20C9A00E0F749 /* ChainOfResponsibilityViewController.swift */; };
		E640F24829A20CEB00E0F749 /* CommandViewController.swift in Sources */ = {isa = PBXBuildFile; fileRef = E640F24729A20CEB00E0F749 /* CommandViewController.swift */; };
		E640F24B29A20D5B00E0F749 /* InterpreterViewController.swift in Sources */ = {isa = PBXBuildFile; fileRef = E640F24A29A20D5B00E0F749 /* InterpreterViewController.swift */; };
		E640F24E29A20D9300E0F749 /* IteratorViewController.swift in Sources */ = {isa = PBXBuildFile; fileRef = E640F24D29A20D9300E0F749 /* IteratorViewController.swift */; };
		E640F25129A20DD200E0F749 /* MediatorViewController.swift in Sources */ = {isa = PBXBuildFile; fileRef = E640F25029A20DD200E0F749 /* MediatorViewController.swift */; };
		E640F25929A20EB700E0F749 /* MementoViewController.swift in Sources */ = {isa = PBXBuildFile; fileRef = E640F25829A20EB700E0F749 /* MementoViewController.swift */; };
		E640F25B29A20ED200E0F749 /* ObserverViewController.swift in Sources */ = {isa = PBXBuildFile; fileRef = E640F25A29A20ED200E0F749 /* ObserverViewController.swift */; };
		E640F25D29A20EEF00E0F749 /* StateViewController.swift in Sources */ = {isa = PBXBuildFile; fileRef = E640F25C29A20EEF00E0F749 /* StateViewController.swift */; };
		E640F25F29A20F0900E0F749 /* StrategyViewController.swift in Sources */ = {isa = PBXBuildFile; fileRef = E640F25E29A20F0900E0F749 /* StrategyViewController.swift */; };
		E640F26129A20F2100E0F749 /* TemplateMethodViewController.swift in Sources */ = {isa = PBXBuildFile; fileRef = E640F26029A20F2100E0F749 /* TemplateMethodViewController.swift */; };
		E640F26329A20F4000E0F749 /* VisitorViewController.swift in Sources */ = {isa = PBXBuildFile; fileRef = E640F26229A20F4000E0F749 /* VisitorViewController.swift */; };
		E6A16EA328BA1B4A00921D78 /* PagingViewController.swift in Sources */ = {isa = PBXBuildFile; fileRef = E6A16EA228BA1B4A00921D78 /* PagingViewController.swift */; };
		E6A16EA528BA1B5D00921D78 /* ExpandableTableViewController.swift in Sources */ = {isa = PBXBuildFile; fileRef = E6A16EA428BA1B5D00921D78 /* ExpandableTableViewController.swift */; };
		E6A16EAA28BB3FBE00921D78 /* BaseTextTableViewCell.swift in Sources */ = {isa = PBXBuildFile; fileRef = E6A16EA928BB3FBE00921D78 /* BaseTextTableViewCell.swift */; };
		E6A16EAE28BB3FEA00921D78 /* UITableView+Extension.swift in Sources */ = {isa = PBXBuildFile; fileRef = E6A16EAD28BB3FEA00921D78 /* UITableView+Extension.swift */; };
		E6AD8E6F29692FB400208D8C /* WebviewDirector.swift in Sources */ = {isa = PBXBuildFile; fileRef = E6AD8E6E29692FB400208D8C /* WebviewDirector.swift */; };
		E6AD8E7D296948AA00208D8C /* SwiftStudyView.swift in Sources */ = {isa = PBXBuildFile; fileRef = E6AD8E7C296948AA00208D8C /* SwiftStudyView.swift */; };
		E6AD8E7F296948E600208D8C /* DynamicMemberLookup.swift in Sources */ = {isa = PBXBuildFile; fileRef = E6AD8E7E296948E600208D8C /* DynamicMemberLookup.swift */; };
		E6AD8E82297FBA2F00208D8C /* AdapterViewController.swift in Sources */ = {isa = PBXBuildFile; fileRef = E6AD8E81297FBA2F00208D8C /* AdapterViewController.swift */; };
		E6AE13852986612D0077DEDC /* BridgeViewController.swift in Sources */ = {isa = PBXBuildFile; fileRef = E6AE13842986612D0077DEDC /* BridgeViewController.swift */; };
		E6AE1390298937910077DEDC /* DataLayer.docc in Sources */ = {isa = PBXBuildFile; fileRef = E6AE138F298937910077DEDC /* DataLayer.docc */; };
		E6AE1396298937910077DEDC /* DataLayer.framework in Frameworks */ = {isa = PBXBuildFile; fileRef = E6AE138C298937910077DEDC /* DataLayer.framework */; };
		E6AE139D298937910077DEDC /* DataLayerTests.swift in Sources */ = {isa = PBXBuildFile; fileRef = E6AE139C298937910077DEDC /* DataLayerTests.swift */; };
		E6AE139E298937910077DEDC /* DataLayer.h in Headers */ = {isa = PBXBuildFile; fileRef = E6AE138E298937910077DEDC /* DataLayer.h */; settings = {ATTRIBUTES = (Public, ); }; };
		E6AE13A1298937910077DEDC /* DataLayer.framework in Frameworks */ = {isa = PBXBuildFile; fileRef = E6AE138C298937910077DEDC /* DataLayer.framework */; };
		E6AE13A2298937910077DEDC /* DataLayer.framework in Embed Frameworks */ = {isa = PBXBuildFile; fileRef = E6AE138C298937910077DEDC /* DataLayer.framework */; settings = {ATTRIBUTES = (CodeSignOnCopy, RemoveHeadersOnCopy, ); }; };
		E6AE13AC298937B50077DEDC /* NetworkProvider.swift in Sources */ = {isa = PBXBuildFile; fileRef = E6AE13AB298937B50077DEDC /* NetworkProvider.swift */; };
		E6AE13AF298947C40077DEDC /* MoyaViewController.swift in Sources */ = {isa = PBXBuildFile; fileRef = E6AE13AE298947C40077DEDC /* MoyaViewController.swift */; };
		E6AE13B329974F120077DEDC /* CompositeViewController.swift in Sources */ = {isa = PBXBuildFile; fileRef = E6AE13B229974F120077DEDC /* CompositeViewController.swift */; };
		E6AE13B629974F870077DEDC /* DecoratorViewController.swift in Sources */ = {isa = PBXBuildFile; fileRef = E6AE13B529974F870077DEDC /* DecoratorViewController.swift */; };
		E6AE13B929974FB80077DEDC /* FacadeViewController.swift in Sources */ = {isa = PBXBuildFile; fileRef = E6AE13B829974FB80077DEDC /* FacadeViewController.swift */; };
		E6AE13BC29974FF10077DEDC /* FlyweightViewController.swift in Sources */ = {isa = PBXBuildFile; fileRef = E6AE13BB29974FF10077DEDC /* FlyweightViewController.swift */; };
		E6AE13BF299750230077DEDC /* ProxyViewController.swift in Sources */ = {isa = PBXBuildFile; fileRef = E6AE13BE299750230077DEDC /* ProxyViewController.swift */; };
		E90654B3295951760027A47C /* AbstractFactory.swift in Sources */ = {isa = PBXBuildFile; fileRef = E90654B2295951760027A47C /* AbstractFactory.swift */; };
		E90654B5295951820027A47C /* AbstractFactoryViewController.swift in Sources */ = {isa = PBXBuildFile; fileRef = E90654B4295951820027A47C /* AbstractFactoryViewController.swift */; };
		E908D72229652EAA0062B85F /* Ship.swift in Sources */ = {isa = PBXBuildFile; fileRef = E908D72129652EAA0062B85F /* Ship.swift */; };
		E94DDCBC28B5CFD7005451EA /* MapStudyViewController.swift in Sources */ = {isa = PBXBuildFile; fileRef = E94DDCBB28B5CFD7005451EA /* MapStudyViewController.swift */; };
		E94DDCBE28B5CFE4005451EA /* Map.swift in Sources */ = {isa = PBXBuildFile; fileRef = E94DDCBD28B5CFE4005451EA /* Map.swift */; };
		E950C91628B8709600E0C80A /* Reduce.swift in Sources */ = {isa = PBXBuildFile; fileRef = E950C91528B8709600E0C80A /* Reduce.swift */; };
		E950C91828B87BD800E0C80A /* ReduceStudyViewController.swift in Sources */ = {isa = PBXBuildFile; fileRef = E950C91728B87BD800E0C80A /* ReduceStudyViewController.swift */; };
		E958D9B028B47E4000D05AC4 /* ShareStudyViewController.swift in Sources */ = {isa = PBXBuildFile; fileRef = E958D9AF28B47E4000D05AC4 /* ShareStudyViewController.swift */; };
		E958D9B228B47FA100D05AC4 /* OutlineViewController.swift in Sources */ = {isa = PBXBuildFile; fileRef = E958D9B128B47FA100D05AC4 /* OutlineViewController.swift */; };
		E997CBE62966814300A5B0B5 /* Builder.swift in Sources */ = {isa = PBXBuildFile; fileRef = E997CBE52966814300A5B0B5 /* Builder.swift */; };
		E997CBE82966819D00A5B0B5 /* BuilderPattern.swift in Sources */ = {isa = PBXBuildFile; fileRef = E997CBE72966819D00A5B0B5 /* BuilderPattern.swift */; };
		E9D1A21028D4230A00C46741 /* SwfitUIView.swift in Sources */ = {isa = PBXBuildFile; fileRef = E9D1A20F28D4230A00C46741 /* SwfitUIView.swift */; };
		E9F71BFD2974FEB500BDD86B /* PrototypeViewController.swift in Sources */ = {isa = PBXBuildFile; fileRef = E9F71BFC2974FEB500BDD86B /* PrototypeViewController.swift */; };
/* End PBXBuildFile section */

/* Begin PBXContainerItemProxy section */
		E636138928B22E5A0050C070 /* PBXContainerItemProxy */ = {
			isa = PBXContainerItemProxy;
			containerPortal = E636136A28B22E570050C070 /* Project object */;
			proxyType = 1;
			remoteGlobalIDString = E636137128B22E570050C070;
			remoteInfo = RxSwiftStudyInUIkit;
		};
		E636139328B22E5A0050C070 /* PBXContainerItemProxy */ = {
			isa = PBXContainerItemProxy;
			containerPortal = E636136A28B22E570050C070 /* Project object */;
			proxyType = 1;
			remoteGlobalIDString = E636137128B22E570050C070;
			remoteInfo = RxSwiftStudyInUIkit;
		};
		E6AE1397298937910077DEDC /* PBXContainerItemProxy */ = {
			isa = PBXContainerItemProxy;
			containerPortal = E636136A28B22E570050C070 /* Project object */;
			proxyType = 1;
			remoteGlobalIDString = E6AE138B298937910077DEDC;
			remoteInfo = DataLayer;
		};
		E6AE1399298937910077DEDC /* PBXContainerItemProxy */ = {
			isa = PBXContainerItemProxy;
			containerPortal = E636136A28B22E570050C070 /* Project object */;
			proxyType = 1;
			remoteGlobalIDString = E636137128B22E570050C070;
			remoteInfo = RxSwiftStudyInUIkit;
		};
		E6AE139F298937910077DEDC /* PBXContainerItemProxy */ = {
			isa = PBXContainerItemProxy;
			containerPortal = E636136A28B22E570050C070 /* Project object */;
			proxyType = 1;
			remoteGlobalIDString = E6AE138B298937910077DEDC;
			remoteInfo = DataLayer;
		};
/* End PBXContainerItemProxy section */

/* Begin PBXCopyFilesBuildPhase section */
		E6AE13A6298937910077DEDC /* Embed Frameworks */ = {
			isa = PBXCopyFilesBuildPhase;
			buildActionMask = 2147483647;
			dstPath = "";
			dstSubfolderSpec = 10;
			files = (
				E6AE13A2298937910077DEDC /* DataLayer.framework in Embed Frameworks */,
			);
			name = "Embed Frameworks";
			runOnlyForDeploymentPostprocessing = 0;
		};
/* End PBXCopyFilesBuildPhase section */

/* Begin PBXFileReference section */
		1809DF463F3BDBED6D2E3EBD /* Pods-RxSwiftStudyInUIkit-RxSwiftStudyInUIkitUITests.release.xcconfig */ = {isa = PBXFileReference; includeInIndex = 1; lastKnownFileType = text.xcconfig; name = "Pods-RxSwiftStudyInUIkit-RxSwiftStudyInUIkitUITests.release.xcconfig"; path = "Target Support Files/Pods-RxSwiftStudyInUIkit-RxSwiftStudyInUIkitUITests/Pods-RxSwiftStudyInUIkit-RxSwiftStudyInUIkitUITests.release.xcconfig"; sourceTree = "<group>"; };
		1CD8865113A5149E591EE994 /* Pods-RxSwiftStudyInUIkit.debug.xcconfig */ = {isa = PBXFileReference; includeInIndex = 1; lastKnownFileType = text.xcconfig; name = "Pods-RxSwiftStudyInUIkit.debug.xcconfig"; path = "Target Support Files/Pods-RxSwiftStudyInUIkit/Pods-RxSwiftStudyInUIkit.debug.xcconfig"; sourceTree = "<group>"; };
		2420FAA5D1ACA4AEBC937EC9 /* Pods-RxSwiftStudyInUIkitTests.release.xcconfig */ = {isa = PBXFileReference; includeInIndex = 1; lastKnownFileType = text.xcconfig; name = "Pods-RxSwiftStudyInUIkitTests.release.xcconfig"; path = "Target Support Files/Pods-RxSwiftStudyInUIkitTests/Pods-RxSwiftStudyInUIkitTests.release.xcconfig"; sourceTree = "<group>"; };
		2E70DBCE021C4AB8D5DD1209 /* Pods_RxSwiftStudyInUIkit_RxSwiftStudyInUIkitUITests.framework */ = {isa = PBXFileReference; explicitFileType = wrapper.framework; includeInIndex = 0; path = Pods_RxSwiftStudyInUIkit_RxSwiftStudyInUIkitUITests.framework; sourceTree = BUILT_PRODUCTS_DIR; };
		3A1C900C5ACF3D819D357322 /* Pods-RxSwiftStudyInUIkit-DataLayer.release.xcconfig */ = {isa = PBXFileReference; includeInIndex = 1; lastKnownFileType = text.xcconfig; name = "Pods-RxSwiftStudyInUIkit-DataLayer.release.xcconfig"; path = "Target Support Files/Pods-RxSwiftStudyInUIkit-DataLayer/Pods-RxSwiftStudyInUIkit-DataLayer.release.xcconfig"; sourceTree = "<group>"; };
		6354E54819347C6EC3829607 /* Pods-RxSwiftStudyInUIkit-RxSwiftStudyInUIkitUITests.debug.xcconfig */ = {isa = PBXFileReference; includeInIndex = 1; lastKnownFileType = text.xcconfig; name = "Pods-RxSwiftStudyInUIkit-RxSwiftStudyInUIkitUITests.debug.xcconfig"; path = "Target Support Files/Pods-RxSwiftStudyInUIkit-RxSwiftStudyInUIkitUITests/Pods-RxSwiftStudyInUIkit-RxSwiftStudyInUIkitUITests.debug.xcconfig"; sourceTree = "<group>"; };
		63EC64F360D14E17FB704753 /* Pods_RxSwiftStudyInUIkitTests.framework */ = {isa = PBXFileReference; explicitFileType = wrapper.framework; includeInIndex = 0; path = Pods_RxSwiftStudyInUIkitTests.framework; sourceTree = BUILT_PRODUCTS_DIR; };
		738A0419C012CC27ED78558C /* Pods-RxSwiftStudyInUIkit.release.xcconfig */ = {isa = PBXFileReference; includeInIndex = 1; lastKnownFileType = text.xcconfig; name = "Pods-RxSwiftStudyInUIkit.release.xcconfig"; path = "Target Support Files/Pods-RxSwiftStudyInUIkit/Pods-RxSwiftStudyInUIkit.release.xcconfig"; sourceTree = "<group>"; };
		775483CC6DC2A4CE03C1F742 /* Pods_RxSwiftStudyInUIkit.framework */ = {isa = PBXFileReference; explicitFileType = wrapper.framework; includeInIndex = 0; path = Pods_RxSwiftStudyInUIkit.framework; sourceTree = BUILT_PRODUCTS_DIR; };
		B049730E5F148BC0E5363DE8 /* Pods-RxSwiftStudyInUIkitTests.debug.xcconfig */ = {isa = PBXFileReference; includeInIndex = 1; lastKnownFileType = text.xcconfig; name = "Pods-RxSwiftStudyInUIkitTests.debug.xcconfig"; path = "Target Support Files/Pods-RxSwiftStudyInUIkitTests/Pods-RxSwiftStudyInUIkitTests.debug.xcconfig"; sourceTree = "<group>"; };
		C33EDDCC682938997BE13473 /* Pods_RxSwiftStudyInUIkit_DataLayer.framework */ = {isa = PBXFileReference; explicitFileType = wrapper.framework; includeInIndex = 0; path = Pods_RxSwiftStudyInUIkit_DataLayer.framework; sourceTree = BUILT_PRODUCTS_DIR; };
		D7131D024753E8F077981069 /* Pods-RxSwiftStudyInUIkit-DataLayer.debug.xcconfig */ = {isa = PBXFileReference; includeInIndex = 1; lastKnownFileType = text.xcconfig; name = "Pods-RxSwiftStudyInUIkit-DataLayer.debug.xcconfig"; path = "Target Support Files/Pods-RxSwiftStudyInUIkit-DataLayer/Pods-RxSwiftStudyInUIkit-DataLayer.debug.xcconfig"; sourceTree = "<group>"; };
		E62AE6EA2944618F0054EA97 /* Materialize.swift */ = {isa = PBXFileReference; lastKnownFileType = sourcecode.swift; path = Materialize.swift; sourceTree = "<group>"; };
		E62AE6ED2944680A0054EA97 /* Singleton.swift */ = {isa = PBXFileReference; lastKnownFileType = sourcecode.swift; path = Singleton.swift; sourceTree = "<group>"; };
		E62AE6F129447D9C0054EA97 /* SingletonViewController.swift */ = {isa = PBXFileReference; lastKnownFileType = sourcecode.swift; path = SingletonViewController.swift; sourceTree = "<group>"; };
		E62AE6F329447DB40054EA97 /* FactoryMethodViewController.swift */ = {isa = PBXFileReference; lastKnownFileType = sourcecode.swift; path = FactoryMethodViewController.swift; sourceTree = "<group>"; };
		E62AE6F529447DE40054EA97 /* FactoryMethod.swift */ = {isa = PBXFileReference; lastKnownFileType = sourcecode.swift; path = FactoryMethod.swift; sourceTree = "<group>"; };
		E636137228B22E570050C070 /* RxSwiftStudyInUIkit.app */ = {isa = PBXFileReference; explicitFileType = wrapper.application; includeInIndex = 0; path = RxSwiftStudyInUIkit.app; sourceTree = BUILT_PRODUCTS_DIR; };
		E636137528B22E570050C070 /* AppDelegate.swift */ = {isa = PBXFileReference; lastKnownFileType = sourcecode.swift; path = AppDelegate.swift; sourceTree = "<group>"; };
		E636137728B22E570050C070 /* SceneDelegate.swift */ = {isa = PBXFileReference; lastKnownFileType = sourcecode.swift; path = SceneDelegate.swift; sourceTree = "<group>"; };
		E636137C28B22E570050C070 /* Base */ = {isa = PBXFileReference; lastKnownFileType = file.storyboard; name = Base; path = Base.lproj/Main.storyboard; sourceTree = "<group>"; };
		E636137E28B22E5A0050C070 /* Assets.xcassets */ = {isa = PBXFileReference; lastKnownFileType = folder.assetcatalog; path = Assets.xcassets; sourceTree = "<group>"; };
		E636138128B22E5A0050C070 /* Base */ = {isa = PBXFileReference; lastKnownFileType = file.storyboard; name = Base; path = Base.lproj/LaunchScreen.storyboard; sourceTree = "<group>"; };
		E636138328B22E5A0050C070 /* Info.plist */ = {isa = PBXFileReference; lastKnownFileType = text.plist.xml; path = Info.plist; sourceTree = "<group>"; };
		E636138828B22E5A0050C070 /* RxSwiftStudyInUIkitTests.xctest */ = {isa = PBXFileReference; explicitFileType = wrapper.cfbundle; includeInIndex = 0; path = RxSwiftStudyInUIkitTests.xctest; sourceTree = BUILT_PRODUCTS_DIR; };
		E636138C28B22E5A0050C070 /* RxSwiftStudyInUIkitTests.swift */ = {isa = PBXFileReference; lastKnownFileType = sourcecode.swift; path = RxSwiftStudyInUIkitTests.swift; sourceTree = "<group>"; };
		E636139228B22E5A0050C070 /* RxSwiftStudyInUIkitUITests.xctest */ = {isa = PBXFileReference; explicitFileType = wrapper.cfbundle; includeInIndex = 0; path = RxSwiftStudyInUIkitUITests.xctest; sourceTree = BUILT_PRODUCTS_DIR; };
		E636139628B22E5A0050C070 /* RxSwiftStudyInUIkitUITests.swift */ = {isa = PBXFileReference; lastKnownFileType = sourcecode.swift; path = RxSwiftStudyInUIkitUITests.swift; sourceTree = "<group>"; };
		E636139828B22E5A0050C070 /* RxSwiftStudyInUIkitUITestsLaunchTests.swift */ = {isa = PBXFileReference; lastKnownFileType = sourcecode.swift; path = RxSwiftStudyInUIkitUITestsLaunchTests.swift; sourceTree = "<group>"; };
		E63613A528B22E6A0050C070 /* ShareStudy.swift */ = {isa = PBXFileReference; lastKnownFileType = sourcecode.swift; path = ShareStudy.swift; sourceTree = "<group>"; };
		E640F24429A20C9A00E0F749 /* ChainOfResponsibilityViewController.swift */ = {isa = PBXFileReference; lastKnownFileType = sourcecode.swift; path = ChainOfResponsibilityViewController.swift; sourceTree = "<group>"; };
		E640F24729A20CEB00E0F749 /* CommandViewController.swift */ = {isa = PBXFileReference; lastKnownFileType = sourcecode.swift; path = CommandViewController.swift; sourceTree = "<group>"; };
		E640F24A29A20D5B00E0F749 /* InterpreterViewController.swift */ = {isa = PBXFileReference; lastKnownFileType = sourcecode.swift; path = InterpreterViewController.swift; sourceTree = "<group>"; };
		E640F24D29A20D9300E0F749 /* IteratorViewController.swift */ = {isa = PBXFileReference; lastKnownFileType = sourcecode.swift; path = IteratorViewController.swift; sourceTree = "<group>"; };
		E640F25029A20DD200E0F749 /* MediatorViewController.swift */ = {isa = PBXFileReference; lastKnownFileType = sourcecode.swift; path = MediatorViewController.swift; sourceTree = "<group>"; };
		E640F25829A20EB700E0F749 /* MementoViewController.swift */ = {isa = PBXFileReference; lastKnownFileType = sourcecode.swift; path = MementoViewController.swift; sourceTree = "<group>"; };
		E640F25A29A20ED200E0F749 /* ObserverViewController.swift */ = {isa = PBXFileReference; lastKnownFileType = sourcecode.swift; path = ObserverViewController.swift; sourceTree = "<group>"; };
		E640F25C29A20EEF00E0F749 /* StateViewController.swift */ = {isa = PBXFileReference; lastKnownFileType = sourcecode.swift; path = StateViewController.swift; sourceTree = "<group>"; };
		E640F25E29A20F0900E0F749 /* StrategyViewController.swift */ = {isa = PBXFileReference; lastKnownFileType = sourcecode.swift; path = StrategyViewController.swift; sourceTree = "<group>"; };
		E640F26029A20F2100E0F749 /* TemplateMethodViewController.swift */ = {isa = PBXFileReference; lastKnownFileType = sourcecode.swift; path = TemplateMethodViewController.swift; sourceTree = "<group>"; };
		E640F26229A20F4000E0F749 /* VisitorViewController.swift */ = {isa = PBXFileReference; lastKnownFileType = sourcecode.swift; path = VisitorViewController.swift; sourceTree = "<group>"; };
		E6A16EA228BA1B4A00921D78 /* PagingViewController.swift */ = {isa = PBXFileReference; lastKnownFileType = sourcecode.swift; path = PagingViewController.swift; sourceTree = "<group>"; };
		E6A16EA428BA1B5D00921D78 /* ExpandableTableViewController.swift */ = {isa = PBXFileReference; lastKnownFileType = sourcecode.swift; path = ExpandableTableViewController.swift; sourceTree = "<group>"; };
		E6A16EA928BB3FBE00921D78 /* BaseTextTableViewCell.swift */ = {isa = PBXFileReference; lastKnownFileType = sourcecode.swift; path = BaseTextTableViewCell.swift; sourceTree = "<group>"; };
		E6A16EAD28BB3FEA00921D78 /* UITableView+Extension.swift */ = {isa = PBXFileReference; lastKnownFileType = sourcecode.swift; path = "UITableView+Extension.swift"; sourceTree = "<group>"; };
		E6AD8E6E29692FB400208D8C /* WebviewDirector.swift */ = {isa = PBXFileReference; lastKnownFileType = sourcecode.swift; path = WebviewDirector.swift; sourceTree = "<group>"; };
		E6AD8E7C296948AA00208D8C /* SwiftStudyView.swift */ = {isa = PBXFileReference; lastKnownFileType = sourcecode.swift; path = SwiftStudyView.swift; sourceTree = "<group>"; };
		E6AD8E7E296948E600208D8C /* DynamicMemberLookup.swift */ = {isa = PBXFileReference; lastKnownFileType = sourcecode.swift; path = DynamicMemberLookup.swift; sourceTree = "<group>"; };
		E6AD8E81297FBA2F00208D8C /* AdapterViewController.swift */ = {isa = PBXFileReference; lastKnownFileType = sourcecode.swift; path = AdapterViewController.swift; sourceTree = "<group>"; };
		E6AE13842986612D0077DEDC /* BridgeViewController.swift */ = {isa = PBXFileReference; lastKnownFileType = sourcecode.swift; path = BridgeViewController.swift; sourceTree = "<group>"; };
		E6AE138C298937910077DEDC /* DataLayer.framework */ = {isa = PBXFileReference; explicitFileType = wrapper.framework; includeInIndex = 0; path = DataLayer.framework; sourceTree = BUILT_PRODUCTS_DIR; };
		E6AE138E298937910077DEDC /* DataLayer.h */ = {isa = PBXFileReference; lastKnownFileType = sourcecode.c.h; path = DataLayer.h; sourceTree = "<group>"; };
		E6AE138F298937910077DEDC /* DataLayer.docc */ = {isa = PBXFileReference; lastKnownFileType = folder.documentationcatalog; path = DataLayer.docc; sourceTree = "<group>"; };
		E6AE1395298937910077DEDC /* DataLayerTests.xctest */ = {isa = PBXFileReference; explicitFileType = wrapper.cfbundle; includeInIndex = 0; path = DataLayerTests.xctest; sourceTree = BUILT_PRODUCTS_DIR; };
		E6AE139C298937910077DEDC /* DataLayerTests.swift */ = {isa = PBXFileReference; lastKnownFileType = sourcecode.swift; path = DataLayerTests.swift; sourceTree = "<group>"; };
		E6AE13AB298937B50077DEDC /* NetworkProvider.swift */ = {isa = PBXFileReference; lastKnownFileType = sourcecode.swift; path = NetworkProvider.swift; sourceTree = "<group>"; };
		E6AE13AE298947C40077DEDC /* MoyaViewController.swift */ = {isa = PBXFileReference; lastKnownFileType = sourcecode.swift; path = MoyaViewController.swift; sourceTree = "<group>"; };
		E6AE13B229974F120077DEDC /* CompositeViewController.swift */ = {isa = PBXFileReference; lastKnownFileType = sourcecode.swift; path = CompositeViewController.swift; sourceTree = "<group>"; };
		E6AE13B529974F870077DEDC /* DecoratorViewController.swift */ = {isa = PBXFileReference; lastKnownFileType = sourcecode.swift; path = DecoratorViewController.swift; sourceTree = "<group>"; };
		E6AE13B829974FB80077DEDC /* FacadeViewController.swift */ = {isa = PBXFileReference; lastKnownFileType = sourcecode.swift; path = FacadeViewController.swift; sourceTree = "<group>"; };
		E6AE13BB29974FF10077DEDC /* FlyweightViewController.swift */ = {isa = PBXFileReference; lastKnownFileType = sourcecode.swift; path = FlyweightViewController.swift; sourceTree = "<group>"; };
		E6AE13BE299750230077DEDC /* ProxyViewController.swift */ = {isa = PBXFileReference; lastKnownFileType = sourcecode.swift; path = ProxyViewController.swift; sourceTree = "<group>"; };
		E90654B2295951760027A47C /* AbstractFactory.swift */ = {isa = PBXFileReference; lastKnownFileType = sourcecode.swift; path = AbstractFactory.swift; sourceTree = "<group>"; };
		E90654B4295951820027A47C /* AbstractFactoryViewController.swift */ = {isa = PBXFileReference; lastKnownFileType = sourcecode.swift; path = AbstractFactoryViewController.swift; sourceTree = "<group>"; };
		E908D72129652EAA0062B85F /* Ship.swift */ = {isa = PBXFileReference; lastKnownFileType = sourcecode.swift; path = Ship.swift; sourceTree = "<group>"; };
		E94DDCBB28B5CFD7005451EA /* MapStudyViewController.swift */ = {isa = PBXFileReference; lastKnownFileType = sourcecode.swift; path = MapStudyViewController.swift; sourceTree = "<group>"; };
		E94DDCBD28B5CFE4005451EA /* Map.swift */ = {isa = PBXFileReference; lastKnownFileType = sourcecode.swift; path = Map.swift; sourceTree = "<group>"; };
		E950C91528B8709600E0C80A /* Reduce.swift */ = {isa = PBXFileReference; lastKnownFileType = sourcecode.swift; path = Reduce.swift; sourceTree = "<group>"; };
		E950C91728B87BD800E0C80A /* ReduceStudyViewController.swift */ = {isa = PBXFileReference; lastKnownFileType = sourcecode.swift; path = ReduceStudyViewController.swift; sourceTree = "<group>"; };
		E958D9AF28B47E4000D05AC4 /* ShareStudyViewController.swift */ = {isa = PBXFileReference; lastKnownFileType = sourcecode.swift; path = ShareStudyViewController.swift; sourceTree = "<group>"; };
		E958D9B128B47FA100D05AC4 /* OutlineViewController.swift */ = {isa = PBXFileReference; lastKnownFileType = sourcecode.swift; path = OutlineViewController.swift; sourceTree = "<group>"; };
		E997CBE52966814300A5B0B5 /* Builder.swift */ = {isa = PBXFileReference; fileEncoding = 4; lastKnownFileType = sourcecode.swift; path = Builder.swift; sourceTree = "<group>"; };
		E997CBE72966819D00A5B0B5 /* BuilderPattern.swift */ = {isa = PBXFileReference; lastKnownFileType = sourcecode.swift; path = BuilderPattern.swift; sourceTree = "<group>"; };
		E9D1A20F28D4230A00C46741 /* SwfitUIView.swift */ = {isa = PBXFileReference; lastKnownFileType = sourcecode.swift; path = SwfitUIView.swift; sourceTree = "<group>"; };
		E9F71BFC2974FEB500BDD86B /* PrototypeViewController.swift */ = {isa = PBXFileReference; lastKnownFileType = sourcecode.swift; path = PrototypeViewController.swift; sourceTree = "<group>"; };
/* End PBXFileReference section */

/* Begin PBXFrameworksBuildPhase section */
		E636136F28B22E570050C070 /* Frameworks */ = {
			isa = PBXFrameworksBuildPhase;
			buildActionMask = 2147483647;
			files = (
				E6AE13A1298937910077DEDC /* DataLayer.framework in Frameworks */,
				E596EED8C77ACC046C67384C /* Pods_RxSwiftStudyInUIkit.framework in Frameworks */,
			);
			runOnlyForDeploymentPostprocessing = 0;
		};
		E636138528B22E5A0050C070 /* Frameworks */ = {
			isa = PBXFrameworksBuildPhase;
			buildActionMask = 2147483647;
			files = (
				36AB96FCFE57D5162DB1CBFB /* Pods_RxSwiftStudyInUIkitTests.framework in Frameworks */,
			);
			runOnlyForDeploymentPostprocessing = 0;
		};
		E636138F28B22E5A0050C070 /* Frameworks */ = {
			isa = PBXFrameworksBuildPhase;
			buildActionMask = 2147483647;
			files = (
				73D05364EAE7903224645227 /* Pods_RxSwiftStudyInUIkit_RxSwiftStudyInUIkitUITests.framework in Frameworks */,
			);
			runOnlyForDeploymentPostprocessing = 0;
		};
		E6AE1389298937910077DEDC /* Frameworks */ = {
			isa = PBXFrameworksBuildPhase;
			buildActionMask = 2147483647;
			files = (
				7FEEF84FC535043198A9999F /* Pods_RxSwiftStudyInUIkit_DataLayer.framework in Frameworks */,
			);
			runOnlyForDeploymentPostprocessing = 0;
		};
		E6AE1392298937910077DEDC /* Frameworks */ = {
			isa = PBXFrameworksBuildPhase;
			buildActionMask = 2147483647;
			files = (
				E6AE1396298937910077DEDC /* DataLayer.framework in Frameworks */,
			);
			runOnlyForDeploymentPostprocessing = 0;
		};
/* End PBXFrameworksBuildPhase section */

/* Begin PBXGroup section */
		0455341821550F9CB28E76C6 /* Pods */ = {
			isa = PBXGroup;
			children = (
				1CD8865113A5149E591EE994 /* Pods-RxSwiftStudyInUIkit.debug.xcconfig */,
				738A0419C012CC27ED78558C /* Pods-RxSwiftStudyInUIkit.release.xcconfig */,
				6354E54819347C6EC3829607 /* Pods-RxSwiftStudyInUIkit-RxSwiftStudyInUIkitUITests.debug.xcconfig */,
				1809DF463F3BDBED6D2E3EBD /* Pods-RxSwiftStudyInUIkit-RxSwiftStudyInUIkitUITests.release.xcconfig */,
				B049730E5F148BC0E5363DE8 /* Pods-RxSwiftStudyInUIkitTests.debug.xcconfig */,
				2420FAA5D1ACA4AEBC937EC9 /* Pods-RxSwiftStudyInUIkitTests.release.xcconfig */,
				D7131D024753E8F077981069 /* Pods-RxSwiftStudyInUIkit-DataLayer.debug.xcconfig */,
				3A1C900C5ACF3D819D357322 /* Pods-RxSwiftStudyInUIkit-DataLayer.release.xcconfig */,
			);
			path = Pods;
			sourceTree = "<group>";
		};
		D114721805706F61D96C7B4A /* Frameworks */ = {
			isa = PBXGroup;
			children = (
				775483CC6DC2A4CE03C1F742 /* Pods_RxSwiftStudyInUIkit.framework */,
				2E70DBCE021C4AB8D5DD1209 /* Pods_RxSwiftStudyInUIkit_RxSwiftStudyInUIkitUITests.framework */,
				63EC64F360D14E17FB704753 /* Pods_RxSwiftStudyInUIkitTests.framework */,
				C33EDDCC682938997BE13473 /* Pods_RxSwiftStudyInUIkit_DataLayer.framework */,
			);
			name = Frameworks;
			sourceTree = "<group>";
		};
		E62AE6E8294461290054EA97 /* Materialize */ = {
			isa = PBXGroup;
			children = (
				E62AE6EA2944618F0054EA97 /* Materialize.swift */,
			);
			path = Materialize;
			sourceTree = "<group>";
		};
		E62AE6EC294466AA0054EA97 /* DesignPatterns */ = {
			isa = PBXGroup;
			children = (
				E9F71BFA2974FE9200BDD86B /* Create */,
				E6AD8E80297FB9E100208D8C /* Structural */,
				E640F24229A20BE400E0F749 /* Behavioral */,
			);
			path = DesignPatterns;
			sourceTree = "<group>";
		};
		E62AE6EF294468C20054EA97 /* Singleton */ = {
			isa = PBXGroup;
			children = (
				E62AE6F129447D9C0054EA97 /* SingletonViewController.swift */,
				E62AE6ED2944680A0054EA97 /* Singleton.swift */,
			);
			path = Singleton;
			sourceTree = "<group>";
		};
		E62AE6F029447D7C0054EA97 /* FactoryMethod */ = {
			isa = PBXGroup;
			children = (
				E62AE6F329447DB40054EA97 /* FactoryMethodViewController.swift */,
				E62AE6F529447DE40054EA97 /* FactoryMethod.swift */,
				E908D72129652EAA0062B85F /* Ship.swift */,
			);
			path = FactoryMethod;
			sourceTree = "<group>";
		};
		E636136928B22E570050C070 = {
			isa = PBXGroup;
			children = (
				E636137428B22E570050C070 /* RxSwiftStudyInUIkit */,
				E636138B28B22E5A0050C070 /* RxSwiftStudyInUIkitTests */,
				E636139528B22E5A0050C070 /* RxSwiftStudyInUIkitUITests */,
				E6AE138D298937910077DEDC /* DataLayer */,
				E6AE139B298937910077DEDC /* DataLayerTests */,
				E636137328B22E570050C070 /* Products */,
				0455341821550F9CB28E76C6 /* Pods */,
				D114721805706F61D96C7B4A /* Frameworks */,
			);
			sourceTree = "<group>";
		};
		E636137328B22E570050C070 /* Products */ = {
			isa = PBXGroup;
			children = (
				E636137228B22E570050C070 /* RxSwiftStudyInUIkit.app */,
				E636138828B22E5A0050C070 /* RxSwiftStudyInUIkitTests.xctest */,
				E636139228B22E5A0050C070 /* RxSwiftStudyInUIkitUITests.xctest */,
				E6AE138C298937910077DEDC /* DataLayer.framework */,
				E6AE1395298937910077DEDC /* DataLayerTests.xctest */,
			);
			name = Products;
			sourceTree = "<group>";
		};
		E636137428B22E570050C070 /* RxSwiftStudyInUIkit */ = {
			isa = PBXGroup;
			children = (
				E636137528B22E570050C070 /* AppDelegate.swift */,
				E636137728B22E570050C070 /* SceneDelegate.swift */,
				E958D9B128B47FA100D05AC4 /* OutlineViewController.swift */,
				E958D9AE28B47E3700D05AC4 /* RxSwift */,
				E6A16EA128BA1B1600921D78 /* UIKit */,
				E9D1A20E28D4228F00C46741 /* SwiftUI */,
				E6AD8E7A2969488600208D8C /* Study */,
				E6A16EA828BB3FAA00921D78 /* Common */,
				E636137B28B22E570050C070 /* Main.storyboard */,
				E636137E28B22E5A0050C070 /* Assets.xcassets */,
				E636138028B22E5A0050C070 /* LaunchScreen.storyboard */,
				E636138328B22E5A0050C070 /* Info.plist */,
			);
			path = RxSwiftStudyInUIkit;
			sourceTree = "<group>";
		};
		E636138B28B22E5A0050C070 /* RxSwiftStudyInUIkitTests */ = {
			isa = PBXGroup;
			children = (
				E636138C28B22E5A0050C070 /* RxSwiftStudyInUIkitTests.swift */,
			);
			path = RxSwiftStudyInUIkitTests;
			sourceTree = "<group>";
		};
		E636139528B22E5A0050C070 /* RxSwiftStudyInUIkitUITests */ = {
			isa = PBXGroup;
			children = (
				E636139628B22E5A0050C070 /* RxSwiftStudyInUIkitUITests.swift */,
				E636139828B22E5A0050C070 /* RxSwiftStudyInUIkitUITestsLaunchTests.swift */,
			);
			path = RxSwiftStudyInUIkitUITests;
			sourceTree = "<group>";
		};
		E640F24229A20BE400E0F749 /* Behavioral */ = {
			isa = PBXGroup;
			children = (
				E640F24329A20C7900E0F749 /* Chain of Responsibility */,
				E640F24629A20CDE00E0F749 /* Command */,
				E640F24929A20D4000E0F749 /* Interpreter */,
				E640F24C29A20D8400E0F749 /* Iterator */,
				E640F24F29A20DC200E0F749 /* Mediator */,
				E640F25229A20E4800E0F749 /* Memento */,
				E640F25329A20E5800E0F749 /* Observer */,
				E640F25429A20E6D00E0F749 /* State */,
				E640F25529A20E7900E0F749 /* Strategy */,
				E640F25629A20E8B00E0F749 /* Template Method */,
				E640F25729A20EA000E0F749 /* Visitor */,
			);
			path = Behavioral;
			sourceTree = "<group>";
		};
		E640F24329A20C7900E0F749 /* Chain of Responsibility */ = {
			isa = PBXGroup;
			children = (
				E640F24429A20C9A00E0F749 /* ChainOfResponsibilityViewController.swift */,
			);
			path = "Chain of Responsibility";
			sourceTree = "<group>";
		};
		E640F24629A20CDE00E0F749 /* Command */ = {
			isa = PBXGroup;
			children = (
				E640F24729A20CEB00E0F749 /* CommandViewController.swift */,
			);
			path = Command;
			sourceTree = "<group>";
		};
		E640F24929A20D4000E0F749 /* Interpreter */ = {
			isa = PBXGroup;
			children = (
				E640F24A29A20D5B00E0F749 /* InterpreterViewController.swift */,
			);
			path = Interpreter;
			sourceTree = "<group>";
		};
		E640F24C29A20D8400E0F749 /* Iterator */ = {
			isa = PBXGroup;
			children = (
				E640F24D29A20D9300E0F749 /* IteratorViewController.swift */,
			);
			path = Iterator;
			sourceTree = "<group>";
		};
		E640F24F29A20DC200E0F749 /* Mediator */ = {
			isa = PBXGroup;
			children = (
				E640F25029A20DD200E0F749 /* MediatorViewController.swift */,
			);
			path = Mediator;
			sourceTree = "<group>";
		};
		E640F25229A20E4800E0F749 /* Memento */ = {
			isa = PBXGroup;
			children = (
				E640F25829A20EB700E0F749 /* MementoViewController.swift */,
			);
			path = Memento;
			sourceTree = "<group>";
		};
		E640F25329A20E5800E0F749 /* Observer */ = {
			isa = PBXGroup;
			children = (
				E640F25A29A20ED200E0F749 /* ObserverViewController.swift */,
			);
			path = Observer;
			sourceTree = "<group>";
		};
		E640F25429A20E6D00E0F749 /* State */ = {
			isa = PBXGroup;
			children = (
				E640F25C29A20EEF00E0F749 /* StateViewController.swift */,
			);
			path = State;
			sourceTree = "<group>";
		};
		E640F25529A20E7900E0F749 /* Strategy */ = {
			isa = PBXGroup;
			children = (
				E640F25E29A20F0900E0F749 /* StrategyViewController.swift */,
			);
			path = Strategy;
			sourceTree = "<group>";
		};
		E640F25629A20E8B00E0F749 /* Template Method */ = {
			isa = PBXGroup;
			children = (
				E640F26029A20F2100E0F749 /* TemplateMethodViewController.swift */,
			);
			path = "Template Method";
			sourceTree = "<group>";
		};
		E640F25729A20EA000E0F749 /* Visitor */ = {
			isa = PBXGroup;
			children = (
				E640F26229A20F4000E0F749 /* VisitorViewController.swift */,
			);
			path = Visitor;
			sourceTree = "<group>";
		};
		E6A16EA128BA1B1600921D78 /* UIKit */ = {
			isa = PBXGroup;
			children = (
				E6A16EA628BA1B6100921D78 /* Paging */,
				E6A16EA728BA1B6500921D78 /* Expandable */,
			);
			path = UIKit;
			sourceTree = "<group>";
		};
		E6A16EA628BA1B6100921D78 /* Paging */ = {
			isa = PBXGroup;
			children = (
				E6A16EA228BA1B4A00921D78 /* PagingViewController.swift */,
			);
			path = Paging;
			sourceTree = "<group>";
		};
		E6A16EA728BA1B6500921D78 /* Expandable */ = {
			isa = PBXGroup;
			children = (
				E6A16EA428BA1B5D00921D78 /* ExpandableTableViewController.swift */,
			);
			path = Expandable;
			sourceTree = "<group>";
		};
		E6A16EA828BB3FAA00921D78 /* Common */ = {
			isa = PBXGroup;
			children = (
				E6AE1386298937640077DEDC /* Network */,
				E6A16EAC28BB3FD800921D78 /* UIUtils */,
				E6A16EAB28BB3FD300921D78 /* Extension */,
			);
			path = Common;
			sourceTree = "<group>";
		};
		E6A16EAB28BB3FD300921D78 /* Extension */ = {
			isa = PBXGroup;
			children = (
				E6A16EAD28BB3FEA00921D78 /* UITableView+Extension.swift */,
			);
			path = Extension;
			sourceTree = "<group>";
		};
		E6A16EAC28BB3FD800921D78 /* UIUtils */ = {
			isa = PBXGroup;
			children = (
				E6A16EA928BB3FBE00921D78 /* BaseTextTableViewCell.swift */,
			);
			path = UIUtils;
			sourceTree = "<group>";
		};
		E6AD8E7A2969488600208D8C /* Study */ = {
			isa = PBXGroup;
			children = (
				E62AE6EC294466AA0054EA97 /* DesignPatterns */,
				E6AD8E7B2969489700208D8C /* SwiftStudy */,
				E6AE13AD298947B30077DEDC /* Library */,
			);
			path = Study;
			sourceTree = "<group>";
		};
		E6AD8E7B2969489700208D8C /* SwiftStudy */ = {
			isa = PBXGroup;
			children = (
				E6AD8E7C296948AA00208D8C /* SwiftStudyView.swift */,
				E6AD8E7E296948E600208D8C /* DynamicMemberLookup.swift */,
			);
			path = SwiftStudy;
			sourceTree = "<group>";
		};
		E6AD8E80297FB9E100208D8C /* Structural */ = {
			isa = PBXGroup;
			children = (
				E6AD8E83297FBA6C00208D8C /* Adapter */,
				E6AE1383298661180077DEDC /* Bridge */,
				E6AE13B129974EFF0077DEDC /* Composite */,
				E6AE13B429974F6A0077DEDC /* Decorator */,
				E6AE13B729974FA70077DEDC /* Facade */,
				E6AE13BA29974FD30077DEDC /* Flyweight */,
				E6AE13BD299750080077DEDC /* Proxy */,
			);
			name = Structural;
			path = "구조";
			sourceTree = "<group>";
		};
		E6AD8E83297FBA6C00208D8C /* Adapter */ = {
			isa = PBXGroup;
			children = (
				E6AD8E81297FBA2F00208D8C /* AdapterViewController.swift */,
			);
			path = Adapter;
			sourceTree = "<group>";
		};
		E6AE1383298661180077DEDC /* Bridge */ = {
			isa = PBXGroup;
			children = (
				E6AE13842986612D0077DEDC /* BridgeViewController.swift */,
			);
			path = Bridge;
			sourceTree = "<group>";
		};
		E6AE1386298937640077DEDC /* Network */ = {
			isa = PBXGroup;
			children = (
			);
			path = Network;
			sourceTree = "<group>";
		};
		E6AE138D298937910077DEDC /* DataLayer */ = {
			isa = PBXGroup;
			children = (
				E6AE13AA298937A60077DEDC /* Network */,
				E6AE138E298937910077DEDC /* DataLayer.h */,
				E6AE138F298937910077DEDC /* DataLayer.docc */,
			);
			path = DataLayer;
			sourceTree = "<group>";
		};
		E6AE139B298937910077DEDC /* DataLayerTests */ = {
			isa = PBXGroup;
			children = (
				E6AE139C298937910077DEDC /* DataLayerTests.swift */,
			);
			path = DataLayerTests;
			sourceTree = "<group>";
		};
		E6AE13AA298937A60077DEDC /* Network */ = {
			isa = PBXGroup;
			children = (
				E6AE13AB298937B50077DEDC /* NetworkProvider.swift */,
			);
			path = Network;
			sourceTree = "<group>";
		};
		E6AE13AD298947B30077DEDC /* Library */ = {
			isa = PBXGroup;
			children = (
				E6AE13AE298947C40077DEDC /* MoyaViewController.swift */,
			);
			path = Library;
			sourceTree = "<group>";
		};
		E6AE13B129974EFF0077DEDC /* Composite */ = {
			isa = PBXGroup;
			children = (
				E6AE13B229974F120077DEDC /* CompositeViewController.swift */,
			);
			path = Composite;
			sourceTree = "<group>";
		};
		E6AE13B429974F6A0077DEDC /* Decorator */ = {
			isa = PBXGroup;
			children = (
				E6AE13B529974F870077DEDC /* DecoratorViewController.swift */,
			);
			path = Decorator;
			sourceTree = "<group>";
		};
		E6AE13B729974FA70077DEDC /* Facade */ = {
			isa = PBXGroup;
			children = (
				E6AE13B829974FB80077DEDC /* FacadeViewController.swift */,
			);
			path = Facade;
			sourceTree = "<group>";
		};
		E6AE13BA29974FD30077DEDC /* Flyweight */ = {
			isa = PBXGroup;
			children = (
				E6AE13BB29974FF10077DEDC /* FlyweightViewController.swift */,
			);
			path = Flyweight;
			sourceTree = "<group>";
		};
		E6AE13BD299750080077DEDC /* Proxy */ = {
			isa = PBXGroup;
			children = (
				E6AE13BE299750230077DEDC /* ProxyViewController.swift */,
			);
			path = Proxy;
			sourceTree = "<group>";
		};
		E90654B1295951590027A47C /* AbstractFactory */ = {
			isa = PBXGroup;
			children = (
				E90654B4295951820027A47C /* AbstractFactoryViewController.swift */,
				E90654B2295951760027A47C /* AbstractFactory.swift */,
			);
			path = AbstractFactory;
			sourceTree = "<group>";
		};
		E950C91428B8708400E0C80A /* Combine */ = {
			isa = PBXGroup;
			children = (
				E950C91528B8709600E0C80A /* Reduce.swift */,
				E950C91728B87BD800E0C80A /* ReduceStudyViewController.swift */,
			);
			path = Combine;
			sourceTree = "<group>";
		};
		E958D9AE28B47E3700D05AC4 /* RxSwift */ = {
			isa = PBXGroup;
			children = (
				E950C91428B8708400E0C80A /* Combine */,
				E958D9B328B481F400D05AC4 /* Share */,
				E958D9B428B4838100D05AC4 /* Map */,
				E62AE6E8294461290054EA97 /* Materialize */,
			);
			path = RxSwift;
			sourceTree = "<group>";
		};
		E958D9B328B481F400D05AC4 /* Share */ = {
			isa = PBXGroup;
			children = (
				E63613A528B22E6A0050C070 /* ShareStudy.swift */,
				E958D9AF28B47E4000D05AC4 /* ShareStudyViewController.swift */,
			);
			path = Share;
			sourceTree = "<group>";
		};
		E958D9B428B4838100D05AC4 /* Map */ = {
			isa = PBXGroup;
			children = (
				E94DDCBD28B5CFE4005451EA /* Map.swift */,
				E94DDCBB28B5CFD7005451EA /* MapStudyViewController.swift */,
			);
			path = Map;
			sourceTree = "<group>";
		};
		E997CBE42966814300A5B0B5 /* Builder */ = {
			isa = PBXGroup;
			children = (
				E997CBE52966814300A5B0B5 /* Builder.swift */,
				E997CBE72966819D00A5B0B5 /* BuilderPattern.swift */,
				E6AD8E6E29692FB400208D8C /* WebviewDirector.swift */,
			);
			path = Builder;
			sourceTree = "<group>";
		};
		E9D1A20E28D4228F00C46741 /* SwiftUI */ = {
			isa = PBXGroup;
			children = (
				E9D1A20F28D4230A00C46741 /* SwfitUIView.swift */,
			);
			path = SwiftUI;
			sourceTree = "<group>";
		};
		E9F71BFA2974FE9200BDD86B /* Create */ = {
			isa = PBXGroup;
			children = (
				E62AE6EF294468C20054EA97 /* Singleton */,
				E62AE6F029447D7C0054EA97 /* FactoryMethod */,
				E90654B1295951590027A47C /* AbstractFactory */,
				E997CBE42966814300A5B0B5 /* Builder */,
				E9F71BFB2974FEA400BDD86B /* Prototype */,
			);
			path = Create;
			sourceTree = "<group>";
		};
		E9F71BFB2974FEA400BDD86B /* Prototype */ = {
			isa = PBXGroup;
			children = (
				E9F71BFC2974FEB500BDD86B /* PrototypeViewController.swift */,
			);
			path = Prototype;
			sourceTree = "<group>";
		};
/* End PBXGroup section */

/* Begin PBXHeadersBuildPhase section */
		E6AE1387298937910077DEDC /* Headers */ = {
			isa = PBXHeadersBuildPhase;
			buildActionMask = 2147483647;
			files = (
				E6AE139E298937910077DEDC /* DataLayer.h in Headers */,
			);
			runOnlyForDeploymentPostprocessing = 0;
		};
/* End PBXHeadersBuildPhase section */

/* Begin PBXNativeTarget section */
		E636137128B22E570050C070 /* RxSwiftStudyInUIkit */ = {
			isa = PBXNativeTarget;
			buildConfigurationList = E636139C28B22E5A0050C070 /* Build configuration list for PBXNativeTarget "RxSwiftStudyInUIkit" */;
			buildPhases = (
				DE69E6D4491ADD270C21DFC4 /* [CP] Check Pods Manifest.lock */,
				E636136E28B22E570050C070 /* Sources */,
				E636136F28B22E570050C070 /* Frameworks */,
				E636137028B22E570050C070 /* Resources */,
				6606746DA8313411D7DB32D8 /* [CP] Embed Pods Frameworks */,
				E6AE13A6298937910077DEDC /* Embed Frameworks */,
			);
			buildRules = (
			);
			dependencies = (
				E6AE13A0298937910077DEDC /* PBXTargetDependency */,
			);
			name = RxSwiftStudyInUIkit;
			productName = RxSwiftStudyInUIkit;
			productReference = E636137228B22E570050C070 /* RxSwiftStudyInUIkit.app */;
			productType = "com.apple.product-type.application";
		};
		E636138728B22E5A0050C070 /* RxSwiftStudyInUIkitTests */ = {
			isa = PBXNativeTarget;
			buildConfigurationList = E636139F28B22E5A0050C070 /* Build configuration list for PBXNativeTarget "RxSwiftStudyInUIkitTests" */;
			buildPhases = (
				8633CAE760C16FDFB9729008 /* [CP] Check Pods Manifest.lock */,
				E636138428B22E5A0050C070 /* Sources */,
				E636138528B22E5A0050C070 /* Frameworks */,
				E636138628B22E5A0050C070 /* Resources */,
			);
			buildRules = (
			);
			dependencies = (
				E636138A28B22E5A0050C070 /* PBXTargetDependency */,
			);
			name = RxSwiftStudyInUIkitTests;
			productName = RxSwiftStudyInUIkitTests;
			productReference = E636138828B22E5A0050C070 /* RxSwiftStudyInUIkitTests.xctest */;
			productType = "com.apple.product-type.bundle.unit-test";
		};
		E636139128B22E5A0050C070 /* RxSwiftStudyInUIkitUITests */ = {
			isa = PBXNativeTarget;
			buildConfigurationList = E63613A228B22E5A0050C070 /* Build configuration list for PBXNativeTarget "RxSwiftStudyInUIkitUITests" */;
			buildPhases = (
				49150827696BA203C2E7A834 /* [CP] Check Pods Manifest.lock */,
				E636138E28B22E5A0050C070 /* Sources */,
				E636138F28B22E5A0050C070 /* Frameworks */,
				E636139028B22E5A0050C070 /* Resources */,
				B51AAAAF5DA9614CFDAC7D94 /* [CP] Embed Pods Frameworks */,
			);
			buildRules = (
			);
			dependencies = (
				E636139428B22E5A0050C070 /* PBXTargetDependency */,
			);
			name = RxSwiftStudyInUIkitUITests;
			productName = RxSwiftStudyInUIkitUITests;
			productReference = E636139228B22E5A0050C070 /* RxSwiftStudyInUIkitUITests.xctest */;
			productType = "com.apple.product-type.bundle.ui-testing";
		};
		E6AE138B298937910077DEDC /* DataLayer */ = {
			isa = PBXNativeTarget;
			buildConfigurationList = E6AE13A3298937910077DEDC /* Build configuration list for PBXNativeTarget "DataLayer" */;
			buildPhases = (
				9C6A166D40A9C5C8F727DE53 /* [CP] Check Pods Manifest.lock */,
				E6AE1387298937910077DEDC /* Headers */,
				E6AE1388298937910077DEDC /* Sources */,
				E6AE1389298937910077DEDC /* Frameworks */,
				E6AE138A298937910077DEDC /* Resources */,
			);
			buildRules = (
			);
			dependencies = (
			);
			name = DataLayer;
			productName = DataLayer;
			productReference = E6AE138C298937910077DEDC /* DataLayer.framework */;
			productType = "com.apple.product-type.framework";
		};
		E6AE1394298937910077DEDC /* DataLayerTests */ = {
			isa = PBXNativeTarget;
			buildConfigurationList = E6AE13A7298937910077DEDC /* Build configuration list for PBXNativeTarget "DataLayerTests" */;
			buildPhases = (
				E6AE1391298937910077DEDC /* Sources */,
				E6AE1392298937910077DEDC /* Frameworks */,
				E6AE1393298937910077DEDC /* Resources */,
			);
			buildRules = (
			);
			dependencies = (
				E6AE1398298937910077DEDC /* PBXTargetDependency */,
				E6AE139A298937910077DEDC /* PBXTargetDependency */,
			);
			name = DataLayerTests;
			productName = DataLayerTests;
			productReference = E6AE1395298937910077DEDC /* DataLayerTests.xctest */;
			productType = "com.apple.product-type.bundle.unit-test";
		};
/* End PBXNativeTarget section */

/* Begin PBXProject section */
		E636136A28B22E570050C070 /* Project object */ = {
			isa = PBXProject;
			attributes = {
				BuildIndependentTargetsInParallel = 1;
				LastSwiftUpdateCheck = 1420;
				LastUpgradeCheck = 1310;
				TargetAttributes = {
					E636137128B22E570050C070 = {
						CreatedOnToolsVersion = 13.1;
					};
					E636138728B22E5A0050C070 = {
						CreatedOnToolsVersion = 13.1;
						TestTargetID = E636137128B22E570050C070;
					};
					E636139128B22E5A0050C070 = {
						CreatedOnToolsVersion = 13.1;
						TestTargetID = E636137128B22E570050C070;
					};
					E6AE138B298937910077DEDC = {
						CreatedOnToolsVersion = 14.2;
					};
					E6AE1394298937910077DEDC = {
						CreatedOnToolsVersion = 14.2;
						TestTargetID = E636137128B22E570050C070;
					};
				};
			};
			buildConfigurationList = E636136D28B22E570050C070 /* Build configuration list for PBXProject "RxSwiftStudyInUIkit" */;
			compatibilityVersion = "Xcode 13.0";
			developmentRegion = en;
			hasScannedForEncodings = 0;
			knownRegions = (
				en,
				Base,
			);
			mainGroup = E636136928B22E570050C070;
			productRefGroup = E636137328B22E570050C070 /* Products */;
			projectDirPath = "";
			projectRoot = "";
			targets = (
				E636137128B22E570050C070 /* RxSwiftStudyInUIkit */,
				E636138728B22E5A0050C070 /* RxSwiftStudyInUIkitTests */,
				E636139128B22E5A0050C070 /* RxSwiftStudyInUIkitUITests */,
				E6AE138B298937910077DEDC /* DataLayer */,
				E6AE1394298937910077DEDC /* DataLayerTests */,
			);
		};
/* End PBXProject section */

/* Begin PBXResourcesBuildPhase section */
		E636137028B22E570050C070 /* Resources */ = {
			isa = PBXResourcesBuildPhase;
			buildActionMask = 2147483647;
			files = (
				E636138228B22E5A0050C070 /* LaunchScreen.storyboard in Resources */,
				E636137F28B22E5A0050C070 /* Assets.xcassets in Resources */,
				E636137D28B22E570050C070 /* Main.storyboard in Resources */,
			);
			runOnlyForDeploymentPostprocessing = 0;
		};
		E636138628B22E5A0050C070 /* Resources */ = {
			isa = PBXResourcesBuildPhase;
			buildActionMask = 2147483647;
			files = (
			);
			runOnlyForDeploymentPostprocessing = 0;
		};
		E636139028B22E5A0050C070 /* Resources */ = {
			isa = PBXResourcesBuildPhase;
			buildActionMask = 2147483647;
			files = (
			);
			runOnlyForDeploymentPostprocessing = 0;
		};
		E6AE138A298937910077DEDC /* Resources */ = {
			isa = PBXResourcesBuildPhase;
			buildActionMask = 2147483647;
			files = (
			);
			runOnlyForDeploymentPostprocessing = 0;
		};
		E6AE1393298937910077DEDC /* Resources */ = {
			isa = PBXResourcesBuildPhase;
			buildActionMask = 2147483647;
			files = (
			);
			runOnlyForDeploymentPostprocessing = 0;
		};
/* End PBXResourcesBuildPhase section */

/* Begin PBXShellScriptBuildPhase section */
		49150827696BA203C2E7A834 /* [CP] Check Pods Manifest.lock */ = {
			isa = PBXShellScriptBuildPhase;
			buildActionMask = 2147483647;
			files = (
			);
			inputFileListPaths = (
			);
			inputPaths = (
				"${PODS_PODFILE_DIR_PATH}/Podfile.lock",
				"${PODS_ROOT}/Manifest.lock",
			);
			name = "[CP] Check Pods Manifest.lock";
			outputFileListPaths = (
			);
			outputPaths = (
				"$(DERIVED_FILE_DIR)/Pods-RxSwiftStudyInUIkit-RxSwiftStudyInUIkitUITests-checkManifestLockResult.txt",
			);
			runOnlyForDeploymentPostprocessing = 0;
			shellPath = /bin/sh;
			shellScript = "diff \"${PODS_PODFILE_DIR_PATH}/Podfile.lock\" \"${PODS_ROOT}/Manifest.lock\" > /dev/null\nif [ $? != 0 ] ; then\n    # print error to STDERR\n    echo \"error: The sandbox is not in sync with the Podfile.lock. Run 'pod install' or update your CocoaPods installation.\" >&2\n    exit 1\nfi\n# This output is used by Xcode 'outputs' to avoid re-running this script phase.\necho \"SUCCESS\" > \"${SCRIPT_OUTPUT_FILE_0}\"\n";
			showEnvVarsInLog = 0;
		};
		6606746DA8313411D7DB32D8 /* [CP] Embed Pods Frameworks */ = {
			isa = PBXShellScriptBuildPhase;
			buildActionMask = 2147483647;
			files = (
			);
			inputFileListPaths = (
				"${PODS_ROOT}/Target Support Files/Pods-RxSwiftStudyInUIkit/Pods-RxSwiftStudyInUIkit-frameworks-${CONFIGURATION}-input-files.xcfilelist",
			);
			name = "[CP] Embed Pods Frameworks";
			outputFileListPaths = (
				"${PODS_ROOT}/Target Support Files/Pods-RxSwiftStudyInUIkit/Pods-RxSwiftStudyInUIkit-frameworks-${CONFIGURATION}-output-files.xcfilelist",
			);
			runOnlyForDeploymentPostprocessing = 0;
			shellPath = /bin/sh;
			shellScript = "\"${PODS_ROOT}/Target Support Files/Pods-RxSwiftStudyInUIkit/Pods-RxSwiftStudyInUIkit-frameworks.sh\"\n";
			showEnvVarsInLog = 0;
		};
		8633CAE760C16FDFB9729008 /* [CP] Check Pods Manifest.lock */ = {
			isa = PBXShellScriptBuildPhase;
			buildActionMask = 2147483647;
			files = (
			);
			inputFileListPaths = (
			);
			inputPaths = (
				"${PODS_PODFILE_DIR_PATH}/Podfile.lock",
				"${PODS_ROOT}/Manifest.lock",
			);
			name = "[CP] Check Pods Manifest.lock";
			outputFileListPaths = (
			);
			outputPaths = (
				"$(DERIVED_FILE_DIR)/Pods-RxSwiftStudyInUIkitTests-checkManifestLockResult.txt",
			);
			runOnlyForDeploymentPostprocessing = 0;
			shellPath = /bin/sh;
			shellScript = "diff \"${PODS_PODFILE_DIR_PATH}/Podfile.lock\" \"${PODS_ROOT}/Manifest.lock\" > /dev/null\nif [ $? != 0 ] ; then\n    # print error to STDERR\n    echo \"error: The sandbox is not in sync with the Podfile.lock. Run 'pod install' or update your CocoaPods installation.\" >&2\n    exit 1\nfi\n# This output is used by Xcode 'outputs' to avoid re-running this script phase.\necho \"SUCCESS\" > \"${SCRIPT_OUTPUT_FILE_0}\"\n";
			showEnvVarsInLog = 0;
		};
		9C6A166D40A9C5C8F727DE53 /* [CP] Check Pods Manifest.lock */ = {
			isa = PBXShellScriptBuildPhase;
			buildActionMask = 2147483647;
			files = (
			);
			inputFileListPaths = (
			);
			inputPaths = (
				"${PODS_PODFILE_DIR_PATH}/Podfile.lock",
				"${PODS_ROOT}/Manifest.lock",
			);
			name = "[CP] Check Pods Manifest.lock";
			outputFileListPaths = (
			);
			outputPaths = (
				"$(DERIVED_FILE_DIR)/Pods-RxSwiftStudyInUIkit-DataLayer-checkManifestLockResult.txt",
			);
			runOnlyForDeploymentPostprocessing = 0;
			shellPath = /bin/sh;
			shellScript = "diff \"${PODS_PODFILE_DIR_PATH}/Podfile.lock\" \"${PODS_ROOT}/Manifest.lock\" > /dev/null\nif [ $? != 0 ] ; then\n    # print error to STDERR\n    echo \"error: The sandbox is not in sync with the Podfile.lock. Run 'pod install' or update your CocoaPods installation.\" >&2\n    exit 1\nfi\n# This output is used by Xcode 'outputs' to avoid re-running this script phase.\necho \"SUCCESS\" > \"${SCRIPT_OUTPUT_FILE_0}\"\n";
			showEnvVarsInLog = 0;
		};
		B51AAAAF5DA9614CFDAC7D94 /* [CP] Embed Pods Frameworks */ = {
			isa = PBXShellScriptBuildPhase;
			buildActionMask = 2147483647;
			files = (
			);
			inputFileListPaths = (
				"${PODS_ROOT}/Target Support Files/Pods-RxSwiftStudyInUIkit-RxSwiftStudyInUIkitUITests/Pods-RxSwiftStudyInUIkit-RxSwiftStudyInUIkitUITests-frameworks-${CONFIGURATION}-input-files.xcfilelist",
			);
			name = "[CP] Embed Pods Frameworks";
			outputFileListPaths = (
				"${PODS_ROOT}/Target Support Files/Pods-RxSwiftStudyInUIkit-RxSwiftStudyInUIkitUITests/Pods-RxSwiftStudyInUIkit-RxSwiftStudyInUIkitUITests-frameworks-${CONFIGURATION}-output-files.xcfilelist",
			);
			runOnlyForDeploymentPostprocessing = 0;
			shellPath = /bin/sh;
			shellScript = "\"${PODS_ROOT}/Target Support Files/Pods-RxSwiftStudyInUIkit-RxSwiftStudyInUIkitUITests/Pods-RxSwiftStudyInUIkit-RxSwiftStudyInUIkitUITests-frameworks.sh\"\n";
			showEnvVarsInLog = 0;
		};
		DE69E6D4491ADD270C21DFC4 /* [CP] Check Pods Manifest.lock */ = {
			isa = PBXShellScriptBuildPhase;
			buildActionMask = 2147483647;
			files = (
			);
			inputFileListPaths = (
			);
			inputPaths = (
				"${PODS_PODFILE_DIR_PATH}/Podfile.lock",
				"${PODS_ROOT}/Manifest.lock",
			);
			name = "[CP] Check Pods Manifest.lock";
			outputFileListPaths = (
			);
			outputPaths = (
				"$(DERIVED_FILE_DIR)/Pods-RxSwiftStudyInUIkit-checkManifestLockResult.txt",
			);
			runOnlyForDeploymentPostprocessing = 0;
			shellPath = /bin/sh;
			shellScript = "diff \"${PODS_PODFILE_DIR_PATH}/Podfile.lock\" \"${PODS_ROOT}/Manifest.lock\" > /dev/null\nif [ $? != 0 ] ; then\n    # print error to STDERR\n    echo \"error: The sandbox is not in sync with the Podfile.lock. Run 'pod install' or update your CocoaPods installation.\" >&2\n    exit 1\nfi\n# This output is used by Xcode 'outputs' to avoid re-running this script phase.\necho \"SUCCESS\" > \"${SCRIPT_OUTPUT_FILE_0}\"\n";
			showEnvVarsInLog = 0;
		};
/* End PBXShellScriptBuildPhase section */

/* Begin PBXSourcesBuildPhase section */
		E636136E28B22E570050C070 /* Sources */ = {
			isa = PBXSourcesBuildPhase;
			buildActionMask = 2147483647;
			files = (
				E640F24E29A20D9300E0F749 /* IteratorViewController.swift in Sources */,
				E6AE13B629974F870077DEDC /* DecoratorViewController.swift in Sources */,
				E6AE13BF299750230077DEDC /* ProxyViewController.swift in Sources */,
				E640F24829A20CEB00E0F749 /* CommandViewController.swift in Sources */,
				E997CBE62966814300A5B0B5 /* Builder.swift in Sources */,
				E640F25129A20DD200E0F749 /* MediatorViewController.swift in Sources */,
				E6AE13852986612D0077DEDC /* BridgeViewController.swift in Sources */,
				E6AD8E82297FBA2F00208D8C /* AdapterViewController.swift in Sources */,
				E640F24B29A20D5B00E0F749 /* InterpreterViewController.swift in Sources */,
				E6AE13B929974FB80077DEDC /* FacadeViewController.swift in Sources */,
				E62AE6F629447DE40054EA97 /* FactoryMethod.swift in Sources */,
				E90654B5295951820027A47C /* AbstractFactoryViewController.swift in Sources */,
				E62AE6F429447DB40054EA97 /* FactoryMethodViewController.swift in Sources */,
				E997CBE82966819D00A5B0B5 /* BuilderPattern.swift in Sources */,
				E9F71BFD2974FEB500BDD86B /* PrototypeViewController.swift in Sources */,
				E958D9B028B47E4000D05AC4 /* ShareStudyViewController.swift in Sources */,
				E6AE13BC29974FF10077DEDC /* FlyweightViewController.swift in Sources */,
				E640F24529A20C9A00E0F749 /* ChainOfResponsibilityViewController.swift in Sources */,
				E62AE6EB2944618F0054EA97 /* Materialize.swift in Sources */,
				E6AE13B329974F120077DEDC /* CompositeViewController.swift in Sources */,
				E640F25B29A20ED200E0F749 /* ObserverViewController.swift in Sources */,
				E6AD8E7F296948E600208D8C /* DynamicMemberLookup.swift in Sources */,
				E6AE13AF298947C40077DEDC /* MoyaViewController.swift in Sources */,
				E62AE6F229447D9C0054EA97 /* SingletonViewController.swift in Sources */,
				E950C91828B87BD800E0C80A /* ReduceStudyViewController.swift in Sources */,
				E9D1A21028D4230A00C46741 /* SwfitUIView.swift in Sources */,
				E6A16EA528BA1B5D00921D78 /* ExpandableTableViewController.swift in Sources */,
				E958D9B228B47FA100D05AC4 /* OutlineViewController.swift in Sources */,
				E640F25F29A20F0900E0F749 /* StrategyViewController.swift in Sources */,
				E63613A628B22E6A0050C070 /* ShareStudy.swift in Sources */,
				E6AD8E6F29692FB400208D8C /* WebviewDirector.swift in Sources */,
				E640F26329A20F4000E0F749 /* VisitorViewController.swift in Sources */,
				E6A16EAA28BB3FBE00921D78 /* BaseTextTableViewCell.swift in Sources */,
				E6A16EA328BA1B4A00921D78 /* PagingViewController.swift in Sources */,
				E640F25D29A20EEF00E0F749 /* StateViewController.swift in Sources */,
				E90654B3295951760027A47C /* AbstractFactory.swift in Sources */,
				E94DDCBE28B5CFE4005451EA /* Map.swift in Sources */,
				E94DDCBC28B5CFD7005451EA /* MapStudyViewController.swift in Sources */,
				E636137628B22E570050C070 /* AppDelegate.swift in Sources */,
				E908D72229652EAA0062B85F /* Ship.swift in Sources */,
				E640F25929A20EB700E0F749 /* MementoViewController.swift in Sources */,
				E636137828B22E570050C070 /* SceneDelegate.swift in Sources */,
				E62AE6EE2944680A0054EA97 /* Singleton.swift in Sources */,
				E950C91628B8709600E0C80A /* Reduce.swift in Sources */,
				E6AD8E7D296948AA00208D8C /* SwiftStudyView.swift in Sources */,
				E6A16EAE28BB3FEA00921D78 /* UITableView+Extension.swift in Sources */,
				E640F26129A20F2100E0F749 /* TemplateMethodViewController.swift in Sources */,
			);
			runOnlyForDeploymentPostprocessing = 0;
		};
		E636138428B22E5A0050C070 /* Sources */ = {
			isa = PBXSourcesBuildPhase;
			buildActionMask = 2147483647;
			files = (
				E636138D28B22E5A0050C070 /* RxSwiftStudyInUIkitTests.swift in Sources */,
			);
			runOnlyForDeploymentPostprocessing = 0;
		};
		E636138E28B22E5A0050C070 /* Sources */ = {
			isa = PBXSourcesBuildPhase;
			buildActionMask = 2147483647;
			files = (
				E636139928B22E5A0050C070 /* RxSwiftStudyInUIkitUITestsLaunchTests.swift in Sources */,
				E636139728B22E5A0050C070 /* RxSwiftStudyInUIkitUITests.swift in Sources */,
			);
			runOnlyForDeploymentPostprocessing = 0;
		};
		E6AE1388298937910077DEDC /* Sources */ = {
			isa = PBXSourcesBuildPhase;
			buildActionMask = 2147483647;
			files = (
				E6AE1390298937910077DEDC /* DataLayer.docc in Sources */,
				E6AE13AC298937B50077DEDC /* NetworkProvider.swift in Sources */,
			);
			runOnlyForDeploymentPostprocessing = 0;
		};
		E6AE1391298937910077DEDC /* Sources */ = {
			isa = PBXSourcesBuildPhase;
			buildActionMask = 2147483647;
			files = (
				E6AE139D298937910077DEDC /* DataLayerTests.swift in Sources */,
			);
			runOnlyForDeploymentPostprocessing = 0;
		};
/* End PBXSourcesBuildPhase section */

/* Begin PBXTargetDependency section */
		E636138A28B22E5A0050C070 /* PBXTargetDependency */ = {
			isa = PBXTargetDependency;
			target = E636137128B22E570050C070 /* RxSwiftStudyInUIkit */;
			targetProxy = E636138928B22E5A0050C070 /* PBXContainerItemProxy */;
		};
		E636139428B22E5A0050C070 /* PBXTargetDependency */ = {
			isa = PBXTargetDependency;
			target = E636137128B22E570050C070 /* RxSwiftStudyInUIkit */;
			targetProxy = E636139328B22E5A0050C070 /* PBXContainerItemProxy */;
		};
		E6AE1398298937910077DEDC /* PBXTargetDependency */ = {
			isa = PBXTargetDependency;
			target = E6AE138B298937910077DEDC /* DataLayer */;
			targetProxy = E6AE1397298937910077DEDC /* PBXContainerItemProxy */;
		};
		E6AE139A298937910077DEDC /* PBXTargetDependency */ = {
			isa = PBXTargetDependency;
			target = E636137128B22E570050C070 /* RxSwiftStudyInUIkit */;
			targetProxy = E6AE1399298937910077DEDC /* PBXContainerItemProxy */;
		};
		E6AE13A0298937910077DEDC /* PBXTargetDependency */ = {
			isa = PBXTargetDependency;
			target = E6AE138B298937910077DEDC /* DataLayer */;
			targetProxy = E6AE139F298937910077DEDC /* PBXContainerItemProxy */;
		};
/* End PBXTargetDependency section */

/* Begin PBXVariantGroup section */
		E636137B28B22E570050C070 /* Main.storyboard */ = {
			isa = PBXVariantGroup;
			children = (
				E636137C28B22E570050C070 /* Base */,
			);
			name = Main.storyboard;
			sourceTree = "<group>";
		};
		E636138028B22E5A0050C070 /* LaunchScreen.storyboard */ = {
			isa = PBXVariantGroup;
			children = (
				E636138128B22E5A0050C070 /* Base */,
			);
			name = LaunchScreen.storyboard;
			sourceTree = "<group>";
		};
/* End PBXVariantGroup section */

/* Begin XCBuildConfiguration section */
		E636139A28B22E5A0050C070 /* Debug */ = {
			isa = XCBuildConfiguration;
			buildSettings = {
				ALWAYS_SEARCH_USER_PATHS = NO;
				CLANG_ANALYZER_NONNULL = YES;
				CLANG_ANALYZER_NUMBER_OBJECT_CONVERSION = YES_AGGRESSIVE;
				CLANG_CXX_LANGUAGE_STANDARD = "gnu++17";
				CLANG_CXX_LIBRARY = "libc++";
				CLANG_ENABLE_MODULES = YES;
				CLANG_ENABLE_OBJC_ARC = YES;
				CLANG_ENABLE_OBJC_WEAK = YES;
				CLANG_WARN_BLOCK_CAPTURE_AUTORELEASING = YES;
				CLANG_WARN_BOOL_CONVERSION = YES;
				CLANG_WARN_COMMA = YES;
				CLANG_WARN_CONSTANT_CONVERSION = YES;
				CLANG_WARN_DEPRECATED_OBJC_IMPLEMENTATIONS = YES;
				CLANG_WARN_DIRECT_OBJC_ISA_USAGE = YES_ERROR;
				CLANG_WARN_DOCUMENTATION_COMMENTS = YES;
				CLANG_WARN_EMPTY_BODY = YES;
				CLANG_WARN_ENUM_CONVERSION = YES;
				CLANG_WARN_INFINITE_RECURSION = YES;
				CLANG_WARN_INT_CONVERSION = YES;
				CLANG_WARN_NON_LITERAL_NULL_CONVERSION = YES;
				CLANG_WARN_OBJC_IMPLICIT_RETAIN_SELF = YES;
				CLANG_WARN_OBJC_LITERAL_CONVERSION = YES;
				CLANG_WARN_OBJC_ROOT_CLASS = YES_ERROR;
				CLANG_WARN_QUOTED_INCLUDE_IN_FRAMEWORK_HEADER = YES;
				CLANG_WARN_RANGE_LOOP_ANALYSIS = YES;
				CLANG_WARN_STRICT_PROTOTYPES = YES;
				CLANG_WARN_SUSPICIOUS_MOVE = YES;
				CLANG_WARN_UNGUARDED_AVAILABILITY = YES_AGGRESSIVE;
				CLANG_WARN_UNREACHABLE_CODE = YES;
				CLANG_WARN__DUPLICATE_METHOD_MATCH = YES;
				COPY_PHASE_STRIP = NO;
				DEBUG_INFORMATION_FORMAT = dwarf;
				ENABLE_STRICT_OBJC_MSGSEND = YES;
				ENABLE_TESTABILITY = YES;
				GCC_C_LANGUAGE_STANDARD = gnu11;
				GCC_DYNAMIC_NO_PIC = NO;
				GCC_NO_COMMON_BLOCKS = YES;
				GCC_OPTIMIZATION_LEVEL = 0;
				GCC_PREPROCESSOR_DEFINITIONS = (
					"DEBUG=1",
					"$(inherited)",
				);
				GCC_WARN_64_TO_32_BIT_CONVERSION = YES;
				GCC_WARN_ABOUT_RETURN_TYPE = YES_ERROR;
				GCC_WARN_UNDECLARED_SELECTOR = YES;
				GCC_WARN_UNINITIALIZED_AUTOS = YES_AGGRESSIVE;
				GCC_WARN_UNUSED_FUNCTION = YES;
				GCC_WARN_UNUSED_VARIABLE = YES;
				IPHONEOS_DEPLOYMENT_TARGET = 15.0;
				MTL_ENABLE_DEBUG_INFO = INCLUDE_SOURCE;
				MTL_FAST_MATH = YES;
				ONLY_ACTIVE_ARCH = YES;
				SDKROOT = iphoneos;
				SWIFT_ACTIVE_COMPILATION_CONDITIONS = DEBUG;
				SWIFT_OPTIMIZATION_LEVEL = "-Onone";
			};
			name = Debug;
		};
		E636139B28B22E5A0050C070 /* Release */ = {
			isa = XCBuildConfiguration;
			buildSettings = {
				ALWAYS_SEARCH_USER_PATHS = NO;
				CLANG_ANALYZER_NONNULL = YES;
				CLANG_ANALYZER_NUMBER_OBJECT_CONVERSION = YES_AGGRESSIVE;
				CLANG_CXX_LANGUAGE_STANDARD = "gnu++17";
				CLANG_CXX_LIBRARY = "libc++";
				CLANG_ENABLE_MODULES = YES;
				CLANG_ENABLE_OBJC_ARC = YES;
				CLANG_ENABLE_OBJC_WEAK = YES;
				CLANG_WARN_BLOCK_CAPTURE_AUTORELEASING = YES;
				CLANG_WARN_BOOL_CONVERSION = YES;
				CLANG_WARN_COMMA = YES;
				CLANG_WARN_CONSTANT_CONVERSION = YES;
				CLANG_WARN_DEPRECATED_OBJC_IMPLEMENTATIONS = YES;
				CLANG_WARN_DIRECT_OBJC_ISA_USAGE = YES_ERROR;
				CLANG_WARN_DOCUMENTATION_COMMENTS = YES;
				CLANG_WARN_EMPTY_BODY = YES;
				CLANG_WARN_ENUM_CONVERSION = YES;
				CLANG_WARN_INFINITE_RECURSION = YES;
				CLANG_WARN_INT_CONVERSION = YES;
				CLANG_WARN_NON_LITERAL_NULL_CONVERSION = YES;
				CLANG_WARN_OBJC_IMPLICIT_RETAIN_SELF = YES;
				CLANG_WARN_OBJC_LITERAL_CONVERSION = YES;
				CLANG_WARN_OBJC_ROOT_CLASS = YES_ERROR;
				CLANG_WARN_QUOTED_INCLUDE_IN_FRAMEWORK_HEADER = YES;
				CLANG_WARN_RANGE_LOOP_ANALYSIS = YES;
				CLANG_WARN_STRICT_PROTOTYPES = YES;
				CLANG_WARN_SUSPICIOUS_MOVE = YES;
				CLANG_WARN_UNGUARDED_AVAILABILITY = YES_AGGRESSIVE;
				CLANG_WARN_UNREACHABLE_CODE = YES;
				CLANG_WARN__DUPLICATE_METHOD_MATCH = YES;
				COPY_PHASE_STRIP = NO;
				DEBUG_INFORMATION_FORMAT = "dwarf-with-dsym";
				ENABLE_NS_ASSERTIONS = NO;
				ENABLE_STRICT_OBJC_MSGSEND = YES;
				GCC_C_LANGUAGE_STANDARD = gnu11;
				GCC_NO_COMMON_BLOCKS = YES;
				GCC_WARN_64_TO_32_BIT_CONVERSION = YES;
				GCC_WARN_ABOUT_RETURN_TYPE = YES_ERROR;
				GCC_WARN_UNDECLARED_SELECTOR = YES;
				GCC_WARN_UNINITIALIZED_AUTOS = YES_AGGRESSIVE;
				GCC_WARN_UNUSED_FUNCTION = YES;
				GCC_WARN_UNUSED_VARIABLE = YES;
				IPHONEOS_DEPLOYMENT_TARGET = 15.0;
				MTL_ENABLE_DEBUG_INFO = NO;
				MTL_FAST_MATH = YES;
				SDKROOT = iphoneos;
				SWIFT_COMPILATION_MODE = wholemodule;
				SWIFT_OPTIMIZATION_LEVEL = "-O";
				VALIDATE_PRODUCT = YES;
			};
			name = Release;
		};
		E636139D28B22E5A0050C070 /* Debug */ = {
			isa = XCBuildConfiguration;
			baseConfigurationReference = 1CD8865113A5149E591EE994 /* Pods-RxSwiftStudyInUIkit.debug.xcconfig */;
			buildSettings = {
				ALWAYS_EMBED_SWIFT_STANDARD_LIBRARIES = YES;
				ASSETCATALOG_COMPILER_APPICON_NAME = AppIcon;
				ASSETCATALOG_COMPILER_GLOBAL_ACCENT_COLOR_NAME = AccentColor;
				CODE_SIGN_STYLE = Automatic;
				CURRENT_PROJECT_VERSION = 1;
				DEVELOPMENT_TEAM = 5G8BGQX7US;
				GENERATE_INFOPLIST_FILE = YES;
				INFOPLIST_FILE = RxSwiftStudyInUIkit/Info.plist;
				INFOPLIST_KEY_UIApplicationSupportsIndirectInputEvents = YES;
				INFOPLIST_KEY_UILaunchStoryboardName = LaunchScreen;
				INFOPLIST_KEY_UIMainStoryboardFile = Main;
				INFOPLIST_KEY_UISupportedInterfaceOrientations_iPad = "UIInterfaceOrientationPortrait UIInterfaceOrientationPortraitUpsideDown UIInterfaceOrientationLandscapeLeft UIInterfaceOrientationLandscapeRight";
				INFOPLIST_KEY_UISupportedInterfaceOrientations_iPhone = "UIInterfaceOrientationPortrait UIInterfaceOrientationLandscapeLeft UIInterfaceOrientationLandscapeRight";
				LD_RUNPATH_SEARCH_PATHS = (
					"$(inherited)",
					"@executable_path/Frameworks",
				);
				MARKETING_VERSION = 1.0;
				PRODUCT_BUNDLE_IDENTIFIER = com.soohyeonwon.com.RxSwiftStudyInUIkit;
				PRODUCT_NAME = "$(TARGET_NAME)";
				SWIFT_EMIT_LOC_STRINGS = YES;
				SWIFT_VERSION = 5.0;
				TARGETED_DEVICE_FAMILY = "1,2";
			};
			name = Debug;
		};
		E636139E28B22E5A0050C070 /* Release */ = {
			isa = XCBuildConfiguration;
			baseConfigurationReference = 738A0419C012CC27ED78558C /* Pods-RxSwiftStudyInUIkit.release.xcconfig */;
			buildSettings = {
				ALWAYS_EMBED_SWIFT_STANDARD_LIBRARIES = YES;
				ASSETCATALOG_COMPILER_APPICON_NAME = AppIcon;
				ASSETCATALOG_COMPILER_GLOBAL_ACCENT_COLOR_NAME = AccentColor;
				CODE_SIGN_STYLE = Automatic;
				CURRENT_PROJECT_VERSION = 1;
				DEVELOPMENT_TEAM = 5G8BGQX7US;
				GENERATE_INFOPLIST_FILE = YES;
				INFOPLIST_FILE = RxSwiftStudyInUIkit/Info.plist;
				INFOPLIST_KEY_UIApplicationSupportsIndirectInputEvents = YES;
				INFOPLIST_KEY_UILaunchStoryboardName = LaunchScreen;
				INFOPLIST_KEY_UIMainStoryboardFile = Main;
				INFOPLIST_KEY_UISupportedInterfaceOrientations_iPad = "UIInterfaceOrientationPortrait UIInterfaceOrientationPortraitUpsideDown UIInterfaceOrientationLandscapeLeft UIInterfaceOrientationLandscapeRight";
				INFOPLIST_KEY_UISupportedInterfaceOrientations_iPhone = "UIInterfaceOrientationPortrait UIInterfaceOrientationLandscapeLeft UIInterfaceOrientationLandscapeRight";
				LD_RUNPATH_SEARCH_PATHS = (
					"$(inherited)",
					"@executable_path/Frameworks",
				);
				MARKETING_VERSION = 1.0;
				PRODUCT_BUNDLE_IDENTIFIER = com.soohyeonwon.com.RxSwiftStudyInUIkit;
				PRODUCT_NAME = "$(TARGET_NAME)";
				SWIFT_EMIT_LOC_STRINGS = YES;
				SWIFT_VERSION = 5.0;
				TARGETED_DEVICE_FAMILY = "1,2";
			};
			name = Release;
		};
		E63613A028B22E5A0050C070 /* Debug */ = {
			isa = XCBuildConfiguration;
			baseConfigurationReference = B049730E5F148BC0E5363DE8 /* Pods-RxSwiftStudyInUIkitTests.debug.xcconfig */;
			buildSettings = {
				ALWAYS_EMBED_SWIFT_STANDARD_LIBRARIES = YES;
				BUNDLE_LOADER = "$(TEST_HOST)";
				CODE_SIGN_STYLE = Automatic;
				CURRENT_PROJECT_VERSION = 1;
				DEVELOPMENT_TEAM = 5G8BGQX7US;
				GENERATE_INFOPLIST_FILE = YES;
				IPHONEOS_DEPLOYMENT_TARGET = 15.0;
				LD_RUNPATH_SEARCH_PATHS = (
					"$(inherited)",
					"@executable_path/Frameworks",
					"@loader_path/Frameworks",
				);
				MARKETING_VERSION = 1.0;
				PRODUCT_BUNDLE_IDENTIFIER = com.soohyeonwon.com.RxSwiftStudyInUIkitTests;
				PRODUCT_NAME = "$(TARGET_NAME)";
				SWIFT_EMIT_LOC_STRINGS = NO;
				SWIFT_VERSION = 5.0;
				TARGETED_DEVICE_FAMILY = "1,2";
				TEST_HOST = "$(BUILT_PRODUCTS_DIR)/RxSwiftStudyInUIkit.app/RxSwiftStudyInUIkit";
			};
			name = Debug;
		};
		E63613A128B22E5A0050C070 /* Release */ = {
			isa = XCBuildConfiguration;
			baseConfigurationReference = 2420FAA5D1ACA4AEBC937EC9 /* Pods-RxSwiftStudyInUIkitTests.release.xcconfig */;
			buildSettings = {
				ALWAYS_EMBED_SWIFT_STANDARD_LIBRARIES = YES;
				BUNDLE_LOADER = "$(TEST_HOST)";
				CODE_SIGN_STYLE = Automatic;
				CURRENT_PROJECT_VERSION = 1;
				DEVELOPMENT_TEAM = 5G8BGQX7US;
				GENERATE_INFOPLIST_FILE = YES;
				IPHONEOS_DEPLOYMENT_TARGET = 15.0;
				LD_RUNPATH_SEARCH_PATHS = (
					"$(inherited)",
					"@executable_path/Frameworks",
					"@loader_path/Frameworks",
				);
				MARKETING_VERSION = 1.0;
				PRODUCT_BUNDLE_IDENTIFIER = com.soohyeonwon.com.RxSwiftStudyInUIkitTests;
				PRODUCT_NAME = "$(TARGET_NAME)";
				SWIFT_EMIT_LOC_STRINGS = NO;
				SWIFT_VERSION = 5.0;
				TARGETED_DEVICE_FAMILY = "1,2";
				TEST_HOST = "$(BUILT_PRODUCTS_DIR)/RxSwiftStudyInUIkit.app/RxSwiftStudyInUIkit";
			};
			name = Release;
		};
		E63613A328B22E5A0050C070 /* Debug */ = {
			isa = XCBuildConfiguration;
			baseConfigurationReference = 6354E54819347C6EC3829607 /* Pods-RxSwiftStudyInUIkit-RxSwiftStudyInUIkitUITests.debug.xcconfig */;
			buildSettings = {
				ALWAYS_EMBED_SWIFT_STANDARD_LIBRARIES = YES;
				CODE_SIGN_STYLE = Automatic;
				CURRENT_PROJECT_VERSION = 1;
				DEVELOPMENT_TEAM = 5G8BGQX7US;
				GENERATE_INFOPLIST_FILE = YES;
				LD_RUNPATH_SEARCH_PATHS = (
					"$(inherited)",
					"@executable_path/Frameworks",
					"@loader_path/Frameworks",
				);
				MARKETING_VERSION = 1.0;
				PRODUCT_BUNDLE_IDENTIFIER = com.soohyeonwon.com.RxSwiftStudyInUIkitUITests;
				PRODUCT_NAME = "$(TARGET_NAME)";
				SWIFT_EMIT_LOC_STRINGS = NO;
				SWIFT_VERSION = 5.0;
				TARGETED_DEVICE_FAMILY = "1,2";
				TEST_TARGET_NAME = RxSwiftStudyInUIkit;
			};
			name = Debug;
		};
		E63613A428B22E5A0050C070 /* Release */ = {
			isa = XCBuildConfiguration;
			baseConfigurationReference = 1809DF463F3BDBED6D2E3EBD /* Pods-RxSwiftStudyInUIkit-RxSwiftStudyInUIkitUITests.release.xcconfig */;
			buildSettings = {
				ALWAYS_EMBED_SWIFT_STANDARD_LIBRARIES = YES;
				CODE_SIGN_STYLE = Automatic;
				CURRENT_PROJECT_VERSION = 1;
				DEVELOPMENT_TEAM = 5G8BGQX7US;
				GENERATE_INFOPLIST_FILE = YES;
				LD_RUNPATH_SEARCH_PATHS = (
					"$(inherited)",
					"@executable_path/Frameworks",
					"@loader_path/Frameworks",
				);
				MARKETING_VERSION = 1.0;
				PRODUCT_BUNDLE_IDENTIFIER = com.soohyeonwon.com.RxSwiftStudyInUIkitUITests;
				PRODUCT_NAME = "$(TARGET_NAME)";
				SWIFT_EMIT_LOC_STRINGS = NO;
				SWIFT_VERSION = 5.0;
				TARGETED_DEVICE_FAMILY = "1,2";
				TEST_TARGET_NAME = RxSwiftStudyInUIkit;
			};
			name = Release;
		};
		E6AE13A4298937910077DEDC /* Debug */ = {
			isa = XCBuildConfiguration;
			baseConfigurationReference = D7131D024753E8F077981069 /* Pods-RxSwiftStudyInUIkit-DataLayer.debug.xcconfig */;
			buildSettings = {
				CLANG_CXX_LANGUAGE_STANDARD = "gnu++20";
				CODE_SIGN_STYLE = Automatic;
				CURRENT_PROJECT_VERSION = 1;
				DEFINES_MODULE = YES;
				DEVELOPMENT_TEAM = 5G8BGQX7US;
				DYLIB_COMPATIBILITY_VERSION = 1;
				DYLIB_CURRENT_VERSION = 1;
				DYLIB_INSTALL_NAME_BASE = "@rpath";
				GENERATE_INFOPLIST_FILE = YES;
				INFOPLIST_KEY_NSHumanReadableCopyright = "";
				INSTALL_PATH = "$(LOCAL_LIBRARY_DIR)/Frameworks";
				IPHONEOS_DEPLOYMENT_TARGET = 15.0;
				LD_RUNPATH_SEARCH_PATHS = (
					"$(inherited)",
					"@executable_path/Frameworks",
					"@loader_path/Frameworks",
				);
				MARKETING_VERSION = 1.0;
				PRODUCT_BUNDLE_IDENTIFIER = com.soohyeonwon.com.DataLayer;
				PRODUCT_NAME = "$(TARGET_NAME:c99extidentifier)";
				SKIP_INSTALL = YES;
				SWIFT_EMIT_LOC_STRINGS = YES;
				SWIFT_VERSION = 5.0;
				TARGETED_DEVICE_FAMILY = "1,2";
				VERSIONING_SYSTEM = "apple-generic";
				VERSION_INFO_PREFIX = "";
			};
			name = Debug;
		};
		E6AE13A5298937910077DEDC /* Release */ = {
			isa = XCBuildConfiguration;
			baseConfigurationReference = 3A1C900C5ACF3D819D357322 /* Pods-RxSwiftStudyInUIkit-DataLayer.release.xcconfig */;
			buildSettings = {
				CLANG_CXX_LANGUAGE_STANDARD = "gnu++20";
				CODE_SIGN_STYLE = Automatic;
				CURRENT_PROJECT_VERSION = 1;
				DEFINES_MODULE = YES;
				DEVELOPMENT_TEAM = 5G8BGQX7US;
				DYLIB_COMPATIBILITY_VERSION = 1;
				DYLIB_CURRENT_VERSION = 1;
				DYLIB_INSTALL_NAME_BASE = "@rpath";
				GENERATE_INFOPLIST_FILE = YES;
				INFOPLIST_KEY_NSHumanReadableCopyright = "";
				INSTALL_PATH = "$(LOCAL_LIBRARY_DIR)/Frameworks";
				IPHONEOS_DEPLOYMENT_TARGET = 15.0;
				LD_RUNPATH_SEARCH_PATHS = (
					"$(inherited)",
					"@executable_path/Frameworks",
					"@loader_path/Frameworks",
				);
				MARKETING_VERSION = 1.0;
				PRODUCT_BUNDLE_IDENTIFIER = com.soohyeonwon.com.DataLayer;
				PRODUCT_NAME = "$(TARGET_NAME:c99extidentifier)";
				SKIP_INSTALL = YES;
				SWIFT_EMIT_LOC_STRINGS = YES;
				SWIFT_VERSION = 5.0;
				TARGETED_DEVICE_FAMILY = "1,2";
				VERSIONING_SYSTEM = "apple-generic";
				VERSION_INFO_PREFIX = "";
			};
			name = Release;
		};
		E6AE13A8298937910077DEDC /* Debug */ = {
			isa = XCBuildConfiguration;
			buildSettings = {
				ALWAYS_EMBED_SWIFT_STANDARD_LIBRARIES = YES;
				CLANG_CXX_LANGUAGE_STANDARD = "gnu++20";
				CODE_SIGN_STYLE = Automatic;
				CURRENT_PROJECT_VERSION = 1;
				DEVELOPMENT_TEAM = 5G8BGQX7US;
				GENERATE_INFOPLIST_FILE = YES;
				IPHONEOS_DEPLOYMENT_TARGET = 16.2;
				MARKETING_VERSION = 1.0;
				PRODUCT_BUNDLE_IDENTIFIER = com.soohyeonwon.com.DataLayerTests;
				PRODUCT_NAME = "$(TARGET_NAME)";
				SWIFT_EMIT_LOC_STRINGS = NO;
				SWIFT_VERSION = 5.0;
				TARGETED_DEVICE_FAMILY = "1,2";
				TEST_HOST = "$(BUILT_PRODUCTS_DIR)/RxSwiftStudyInUIkit.app/$(BUNDLE_EXECUTABLE_FOLDER_PATH)/RxSwiftStudyInUIkit";
			};
			name = Debug;
		};
		E6AE13A9298937910077DEDC /* Release */ = {
			isa = XCBuildConfiguration;
			buildSettings = {
				ALWAYS_EMBED_SWIFT_STANDARD_LIBRARIES = YES;
				CLANG_CXX_LANGUAGE_STANDARD = "gnu++20";
				CODE_SIGN_STYLE = Automatic;
				CURRENT_PROJECT_VERSION = 1;
				DEVELOPMENT_TEAM = 5G8BGQX7US;
				GENERATE_INFOPLIST_FILE = YES;
				IPHONEOS_DEPLOYMENT_TARGET = 16.2;
				MARKETING_VERSION = 1.0;
				PRODUCT_BUNDLE_IDENTIFIER = com.soohyeonwon.com.DataLayerTests;
				PRODUCT_NAME = "$(TARGET_NAME)";
				SWIFT_EMIT_LOC_STRINGS = NO;
				SWIFT_VERSION = 5.0;
				TARGETED_DEVICE_FAMILY = "1,2";
				TEST_HOST = "$(BUILT_PRODUCTS_DIR)/RxSwiftStudyInUIkit.app/$(BUNDLE_EXECUTABLE_FOLDER_PATH)/RxSwiftStudyInUIkit";
			};
			name = Release;
		};
/* End XCBuildConfiguration section */

/* Begin XCConfigurationList section */
		E636136D28B22E570050C070 /* Build configuration list for PBXProject "RxSwiftStudyInUIkit" */ = {
			isa = XCConfigurationList;
			buildConfigurations = (
				E636139A28B22E5A0050C070 /* Debug */,
				E636139B28B22E5A0050C070 /* Release */,
			);
			defaultConfigurationIsVisible = 0;
			defaultConfigurationName = Release;
		};
		E636139C28B22E5A0050C070 /* Build configuration list for PBXNativeTarget "RxSwiftStudyInUIkit" */ = {
			isa = XCConfigurationList;
			buildConfigurations = (
				E636139D28B22E5A0050C070 /* Debug */,
				E636139E28B22E5A0050C070 /* Release */,
			);
			defaultConfigurationIsVisible = 0;
			defaultConfigurationName = Release;
		};
		E636139F28B22E5A0050C070 /* Build configuration list for PBXNativeTarget "RxSwiftStudyInUIkitTests" */ = {
			isa = XCConfigurationList;
			buildConfigurations = (
				E63613A028B22E5A0050C070 /* Debug */,
				E63613A128B22E5A0050C070 /* Release */,
			);
			defaultConfigurationIsVisible = 0;
			defaultConfigurationName = Release;
		};
		E63613A228B22E5A0050C070 /* Build configuration list for PBXNativeTarget "RxSwiftStudyInUIkitUITests" */ = {
			isa = XCConfigurationList;
			buildConfigurations = (
				E63613A328B22E5A0050C070 /* Debug */,
				E63613A428B22E5A0050C070 /* Release */,
			);
			defaultConfigurationIsVisible = 0;
			defaultConfigurationName = Release;
		};
		E6AE13A3298937910077DEDC /* Build configuration list for PBXNativeTarget "DataLayer" */ = {
			isa = XCConfigurationList;
			buildConfigurations = (
				E6AE13A4298937910077DEDC /* Debug */,
				E6AE13A5298937910077DEDC /* Release */,
			);
			defaultConfigurationIsVisible = 0;
			defaultConfigurationName = Release;
		};
		E6AE13A7298937910077DEDC /* Build configuration list for PBXNativeTarget "DataLayerTests" */ = {
			isa = XCConfigurationList;
			buildConfigurations = (
				E6AE13A8298937910077DEDC /* Debug */,
				E6AE13A9298937910077DEDC /* Release */,
			);
			defaultConfigurationIsVisible = 0;
			defaultConfigurationName = Release;
		};
/* End XCConfigurationList section */
	};
	rootObject = E636136A28B22E570050C070 /* Project object */;
}
